// !$*UTF8*$!
{
	archiveVersion = 1;
	classes = {
	};
	objectVersion = 50;
	objects = {

/* Begin PBXBuildFile section */
		902704A4244D8F600033335E /* ShoppingItemTableViewCell.m in Sources */ = {isa = PBXBuildFile; fileRef = 902704A3244D8F600033335E /* ShoppingItemTableViewCell.m */; };
		90FC6555244CDF4600210222 /* AppDelegate.m in Sources */ = {isa = PBXBuildFile; fileRef = 90FC6554244CDF4600210222 /* AppDelegate.m */; };
		90FC6558244CDF4600210222 /* SceneDelegate.m in Sources */ = {isa = PBXBuildFile; fileRef = 90FC6557244CDF4600210222 /* SceneDelegate.m */; };
		90FC655B244CDF4600210222 /* ViewController.m in Sources */ = {isa = PBXBuildFile; fileRef = 90FC655A244CDF4600210222 /* ViewController.m */; };
		90FC655E244CDF4600210222 /* Main.storyboard in Resources */ = {isa = PBXBuildFile; fileRef = 90FC655C244CDF4600210222 /* Main.storyboard */; };
		90FC6560244CDF4800210222 /* Assets.xcassets in Resources */ = {isa = PBXBuildFile; fileRef = 90FC655F244CDF4800210222 /* Assets.xcassets */; };
		90FC6563244CDF4800210222 /* LaunchScreen.storyboard in Resources */ = {isa = PBXBuildFile; fileRef = 90FC6561244CDF4800210222 /* LaunchScreen.storyboard */; };
		90FC6566244CDF4800210222 /* main.m in Sources */ = {isa = PBXBuildFile; fileRef = 90FC6565244CDF4800210222 /* main.m */; };
		90FC656E244CDF6400210222 /* ShoppingItem.m in Sources */ = {isa = PBXBuildFile; fileRef = 90FC656D244CDF6400210222 /* ShoppingItem.m */; };
/* End PBXBuildFile section */

/* Begin PBXFileReference section */
		902704A2244D8F600033335E /* ShoppingItemTableViewCell.h */ = {isa = PBXFileReference; lastKnownFileType = sourcecode.c.h; path = ShoppingItemTableViewCell.h; sourceTree = "<group>"; };
		902704A3244D8F600033335E /* ShoppingItemTableViewCell.m */ = {isa = PBXFileReference; lastKnownFileType = sourcecode.c.objc; path = ShoppingItemTableViewCell.m; sourceTree = "<group>"; };
		90FC6550244CDF4600210222 /* TableViewDemo.app */ = {isa = PBXFileReference; explicitFileType = wrapper.application; includeInIndex = 0; path = TableViewDemo.app; sourceTree = BUILT_PRODUCTS_DIR; };
		90FC6553244CDF4600210222 /* AppDelegate.h */ = {isa = PBXFileReference; lastKnownFileType = sourcecode.c.h; path = AppDelegate.h; sourceTree = "<group>"; };
		90FC6554244CDF4600210222 /* AppDelegate.m */ = {isa = PBXFileReference; lastKnownFileType = sourcecode.c.objc; path = AppDelegate.m; sourceTree = "<group>"; };
		90FC6556244CDF4600210222 /* SceneDelegate.h */ = {isa = PBXFileReference; lastKnownFileType = sourcecode.c.h; path = SceneDelegate.h; sourceTree = "<group>"; };
		90FC6557244CDF4600210222 /* SceneDelegate.m */ = {isa = PBXFileReference; lastKnownFileType = sourcecode.c.objc; path = SceneDelegate.m; sourceTree = "<group>"; };
		90FC6559244CDF4600210222 /* ViewController.h */ = {isa = PBXFileReference; lastKnownFileType = sourcecode.c.h; path = ViewController.h; sourceTree = "<group>"; };
		90FC655A244CDF4600210222 /* ViewController.m */ = {isa = PBXFileReference; lastKnownFileType = sourcecode.c.objc; path = ViewController.m; sourceTree = "<group>"; };
		90FC655D244CDF4600210222 /* Base */ = {isa = PBXFileReference; lastKnownFileType = file.storyboard; name = Base; path = Base.lproj/Main.storyboard; sourceTree = "<group>"; };
		90FC655F244CDF4800210222 /* Assets.xcassets */ = {isa = PBXFileReference; lastKnownFileType = folder.assetcatalog; path = Assets.xcassets; sourceTree = "<group>"; };
		90FC6562244CDF4800210222 /* Base */ = {isa = PBXFileReference; lastKnownFileType = file.storyboard; name = Base; path = Base.lproj/LaunchScreen.storyboard; sourceTree = "<group>"; };
		90FC6564244CDF4800210222 /* Info.plist */ = {isa = PBXFileReference; lastKnownFileType = text.plist.xml; path = Info.plist; sourceTree = "<group>"; };
		90FC6565244CDF4800210222 /* main.m */ = {isa = PBXFileReference; lastKnownFileType = sourcecode.c.objc; path = main.m; sourceTree = "<group>"; };
		90FC656C244CDF6400210222 /* ShoppingItem.h */ = {isa = PBXFileReference; lastKnownFileType = sourcecode.c.h; path = ShoppingItem.h; sourceTree = "<group>"; };
		90FC656D244CDF6400210222 /* ShoppingItem.m */ = {isa = PBXFileReference; lastKnownFileType = sourcecode.c.objc; path = ShoppingItem.m; sourceTree = "<group>"; };
/* End PBXFileReference section */

/* Begin PBXFrameworksBuildPhase section */
		90FC654D244CDF4600210222 /* Frameworks */ = {
			isa = PBXFrameworksBuildPhase;
			buildActionMask = 2147483647;
			files = (
			);
			runOnlyForDeploymentPostprocessing = 0;
		};
/* End PBXFrameworksBuildPhase section */

/* Begin PBXGroup section */
		90FC6547244CDF4600210222 = {
			isa = PBXGroup;
			children = (
				90FC6552244CDF4600210222 /* TableViewDemo */,
				90FC6551244CDF4600210222 /* Products */,
			);
			sourceTree = "<group>";
		};
		90FC6551244CDF4600210222 /* Products */ = {
			isa = PBXGroup;
			children = (
				90FC6550244CDF4600210222 /* TableViewDemo.app */,
			);
			name = Products;
			sourceTree = "<group>";
		};
		90FC6552244CDF4600210222 /* TableViewDemo */ = {
			isa = PBXGroup;
			children = (
				90FC6553244CDF4600210222 /* AppDelegate.h */,
				90FC6554244CDF4600210222 /* AppDelegate.m */,
				90FC6556244CDF4600210222 /* SceneDelegate.h */,
				90FC6557244CDF4600210222 /* SceneDelegate.m */,
				90FC6559244CDF4600210222 /* ViewController.h */,
				90FC655A244CDF4600210222 /* ViewController.m */,
				90FC655C244CDF4600210222 /* Main.storyboard */,
				90FC655F244CDF4800210222 /* Assets.xcassets */,
				90FC6561244CDF4800210222 /* LaunchScreen.storyboard */,
				90FC6564244CDF4800210222 /* Info.plist */,
				90FC6565244CDF4800210222 /* main.m */,
				90FC656C244CDF6400210222 /* ShoppingItem.h */,
				90FC656D244CDF6400210222 /* ShoppingItem.m */,
				902704A2244D8F600033335E /* ShoppingItemTableViewCell.h */,
				902704A3244D8F600033335E /* ShoppingItemTableViewCell.m */,
			);
			path = TableViewDemo;
			sourceTree = "<group>";
		};
/* End PBXGroup section */

/* Begin PBXNativeTarget section */
		90FC654F244CDF4600210222 /* TableViewDemo */ = {
			isa = PBXNativeTarget;
			buildConfigurationList = 90FC6569244CDF4800210222 /* Build configuration list for PBXNativeTarget "TableViewDemo" */;
			buildPhases = (
				90FC654C244CDF4600210222 /* Sources */,
				90FC654D244CDF4600210222 /* Frameworks */,
				90FC654E244CDF4600210222 /* Resources */,
			);
			buildRules = (
			);
			dependencies = (
			);
			name = TableViewDemo;
			productName = TableViewDemo;
			productReference = 90FC6550244CDF4600210222 /* TableViewDemo.app */;
			productType = "com.apple.product-type.application";
		};
/* End PBXNativeTarget section */

/* Begin PBXProject section */
		90FC6548244CDF4600210222 /* Project object */ = {
			isa = PBXProject;
			attributes = {
				LastUpgradeCheck = 1130;
				ORGANIZATIONNAME = "Victor Semenchuk";
				TargetAttributes = {
					90FC654F244CDF4600210222 = {
						CreatedOnToolsVersion = 11.3;
					};
				};
			};
			buildConfigurationList = 90FC654B244CDF4600210222 /* Build configuration list for PBXProject "TableViewDemo" */;
			compatibilityVersion = "Xcode 9.3";
			developmentRegion = en;
			hasScannedForEncodings = 0;
			knownRegions = (
				en,
				Base,
			);
			mainGroup = 90FC6547244CDF4600210222;
			productRefGroup = 90FC6551244CDF4600210222 /* Products */;
			projectDirPath = "";
			projectRoot = "";
			targets = (
				90FC654F244CDF4600210222 /* TableViewDemo */,
			);
		};
/* End PBXProject section */

/* Begin PBXResourcesBuildPhase section */
		90FC654E244CDF4600210222 /* Resources */ = {
			isa = PBXResourcesBuildPhase;
			buildActionMask = 2147483647;
			files = (
				90FC6563244CDF4800210222 /* LaunchScreen.storyboard in Resources */,
				90FC6560244CDF4800210222 /* Assets.xcassets in Resources */,
				90FC655E244CDF4600210222 /* Main.storyboard in Resources */,
			);
			runOnlyForDeploymentPostprocessing = 0;
		};
/* End PBXResourcesBuildPhase section */

/* Begin PBXSourcesBuildPhase section */
		90FC654C244CDF4600210222 /* Sources */ = {
			isa = PBXSourcesBuildPhase;
			buildActionMask = 2147483647;
			files = (
				902704A4244D8F600033335E /* ShoppingItemTableViewCell.m in Sources */,
				90FC655B244CDF4600210222 /* ViewController.m in Sources */,
				90FC6555244CDF4600210222 /* AppDelegate.m in Sources */,
				90FC6566244CDF4800210222 /* main.m in Sources */,
				90FC6558244CDF4600210222 /* SceneDelegate.m in Sources */,
				90FC656E244CDF6400210222 /* ShoppingItem.m in Sources */,
			);
			runOnlyForDeploymentPostprocessing = 0;
		};
/* End PBXSourcesBuildPhase section */

/* Begin PBXVariantGroup section */
		90FC655C244CDF4600210222 /* Main.storyboard */ = {
			isa = PBXVariantGroup;
			children = (
				90FC655D244CDF4600210222 /* Base */,
			);
			name = Main.storyboard;
			sourceTree = "<group>";
		};
		90FC6561244CDF4800210222 /* LaunchScreen.storyboard */ = {
			isa = PBXVariantGroup;
			children = (
				90FC6562244CDF4800210222 /* Base */,
			);
			name = LaunchScreen.storyboard;
			sourceTree = "<group>";
		};
/* End PBXVariantGroup section */

/* Begin XCBuildConfiguration section */
		90FC6567244CDF4800210222 /* Debug */ = {
			isa = XCBuildConfiguration;
			buildSettings = {
				ALWAYS_SEARCH_USER_PATHS = NO;
				CLANG_ANALYZER_NONNULL = YES;
				CLANG_ANALYZER_NUMBER_OBJECT_CONVERSION = YES_AGGRESSIVE;
				CLANG_CXX_LANGUAGE_STANDARD = "gnu++14";
				CLANG_CXX_LIBRARY = "libc++";
				CLANG_ENABLE_MODULES = YES;
				CLANG_ENABLE_OBJC_ARC = YES;
				CLANG_ENABLE_OBJC_WEAK = YES;
				CLANG_WARN_BLOCK_CAPTURE_AUTORELEASING = YES;
				CLANG_WARN_BOOL_CONVERSION = YES;
				CLANG_WARN_COMMA = YES;
				CLANG_WARN_CONSTANT_CONVERSION = YES;
				CLANG_WARN_DEPRECATED_OBJC_IMPLEMENTATIONS = YES;
				CLANG_WARN_DIRECT_OBJC_ISA_USAGE = YES_ERROR;
				CLANG_WARN_DOCUMENTATION_COMMENTS = YES;
				CLANG_WARN_EMPTY_BODY = YES;
				CLANG_WARN_ENUM_CONVERSION = YES;
				CLANG_WARN_INFINITE_RECURSION = YES;
				CLANG_WARN_INT_CONVERSION = YES;
				CLANG_WARN_NON_LITERAL_NULL_CONVERSION = YES;
				CLANG_WARN_OBJC_IMPLICIT_RETAIN_SELF = YES;
				CLANG_WARN_OBJC_LITERAL_CONVERSION = YES;
				CLANG_WARN_OBJC_ROOT_CLASS = YES_ERROR;
				CLANG_WARN_RANGE_LOOP_ANALYSIS = YES;
				CLANG_WARN_STRICT_PROTOTYPES = YES;
				CLANG_WARN_SUSPICIOUS_MOVE = YES;
				CLANG_WARN_UNGUARDED_AVAILABILITY = YES_AGGRESSIVE;
				CLANG_WARN_UNREACHABLE_CODE = YES;
				CLANG_WARN__DUPLICATE_METHOD_MATCH = YES;
				COPY_PHASE_STRIP = NO;
				DEBUG_INFORMATION_FORMAT = dwarf;
				ENABLE_STRICT_OBJC_MSGSEND = YES;
				ENABLE_TESTABILITY = YES;
				GCC_C_LANGUAGE_STANDARD = gnu11;
				GCC_DYNAMIC_NO_PIC = NO;
				GCC_NO_COMMON_BLOCKS = YES;
				GCC_OPTIMIZATION_LEVEL = 0;
				GCC_PREPROCESSOR_DEFINITIONS = (
					"DEBUG=1",
					"$(inherited)",
				);
				GCC_WARN_64_TO_32_BIT_CONVERSION = YES;
				GCC_WARN_ABOUT_RETURN_TYPE = YES_ERROR;
				GCC_WARN_UNDECLARED_SELECTOR = YES;
				GCC_WARN_UNINITIALIZED_AUTOS = YES_AGGRESSIVE;
				GCC_WARN_UNUSED_FUNCTION = YES;
				GCC_WARN_UNUSED_VARIABLE = YES;
				IPHONEOS_DEPLOYMENT_TARGET = 13.2;
				MTL_ENABLE_DEBUG_INFO = INCLUDE_SOURCE;
				MTL_FAST_MATH = YES;
				ONLY_ACTIVE_ARCH = YES;
				SDKROOT = iphoneos;
			};
			name = Debug;
		};
		90FC6568244CDF4800210222 /* Release */ = {
			isa = XCBuildConfiguration;
			buildSettings = {
				ALWAYS_SEARCH_USER_PATHS = NO;
				CLANG_ANALYZER_NONNULL = YES;
				CLANG_ANALYZER_NUMBER_OBJECT_CONVERSION = YES_AGGRESSIVE;
				CLANG_CXX_LANGUAGE_STANDARD = "gnu++14";
				CLANG_CXX_LIBRARY = "libc++";
				CLANG_ENABLE_MODULES = YES;
				CLANG_ENABLE_OBJC_ARC = YES;
				CLANG_ENABLE_OBJC_WEAK = YES;
				CLANG_WARN_BLOCK_CAPTURE_AUTORELEASING = YES;
				CLANG_WARN_BOOL_CONVERSION = YES;
				CLANG_WARN_COMMA = YES;
				CLANG_WARN_CONSTANT_CONVERSION = YES;
				CLANG_WARN_DEPRECATED_OBJC_IMPLEMENTATIONS = YES;
				CLANG_WARN_DIRECT_OBJC_ISA_USAGE = YES_ERROR;
				CLANG_WARN_DOCUMENTATION_COMMENTS = YES;
				CLANG_WARN_EMPTY_BODY = YES;
				CLANG_WARN_ENUM_CONVERSION = YES;
				CLANG_WARN_INFINITE_RECURSION = YES;
				CLANG_WARN_INT_CONVERSION = YES;
				CLANG_WARN_NON_LITERAL_NULL_CONVERSION = YES;
				CLANG_WARN_OBJC_IMPLICIT_RETAIN_SELF = YES;
				CLANG_WARN_OBJC_LITERAL_CONVERSION = YES;
				CLANG_WARN_OBJC_ROOT_CLASS = YES_ERROR;
				CLANG_WARN_RANGE_LOOP_ANALYSIS = YES;
				CLANG_WARN_STRICT_PROTOTYPES = YES;
				CLANG_WARN_SUSPICIOUS_MOVE = YES;
				CLANG_WARN_UNGUARDED_AVAILABILITY = YES_AGGRESSIVE;
				CLANG_WARN_UNREACHABLE_CODE = YES;
				CLANG_WARN__DUPLICATE_METHOD_MATCH = YES;
				COPY_PHASE_STRIP = NO;
				DEBUG_INFORMATION_FORMAT = "dwarf-with-dsym";
				ENABLE_NS_ASSERTIONS = NO;
				ENABLE_STRICT_OBJC_MSGSEND = YES;
				GCC_C_LANGUAGE_STANDARD = gnu11;
				GCC_NO_COMMON_BLOCKS = YES;
				GCC_WARN_64_TO_32_BIT_CONVERSION = YES;
				GCC_WARN_ABOUT_RETURN_TYPE = YES_ERROR;
				GCC_WARN_UNDECLARED_SELECTOR = YES;
				GCC_WARN_UNINITIALIZED_AUTOS = YES_AGGRESSIVE;
				GCC_WARN_UNUSED_FUNCTION = YES;
				GCC_WARN_UNUSED_VARIABLE = YES;
				IPHONEOS_DEPLOYMENT_TARGET = 13.2;
				MTL_ENABLE_DEBUG_INFO = NO;
				MTL_FAST_MATH = YES;
				SDKROOT = iphoneos;
				VALIDATE_PRODUCT = YES;
			};
			name = Release;
		};
		90FC656A244CDF4800210222 /* Debug */ = {
			isa = XCBuildConfiguration;
			buildSettings = {
				ASSETCATALOG_COMPILER_APPICON_NAME = AppIcon;
				CODE_SIGN_STYLE = Automatic;
				DEVELOPMENT_TEAM = 5M3HNT6J9D;
				INFOPLIST_FILE = TableViewDemo/Info.plist;
				LD_RUNPATH_SEARCH_PATHS = (
					"$(inherited)",
					"@executable_path/Frameworks",
				);
				PRODUCT_BUNDLE_IDENTIFIER = com.victorsemenchuk.TableViewDemo;
				PRODUCT_NAME = "$(TARGET_NAME)";
				TARGETED_DEVICE_FAMILY = "1,2";
			};
			name = Debug;
		};
		90FC656B244CDF4800210222 /* Release */ = {
			isa = XCBuildConfiguration;
			buildSettings = {
				ASSETCATALOG_COMPILER_APPICON_NAME = AppIcon;
				CODE_SIGN_STYLE = Automatic;
				DEVELOPMENT_TEAM = 5M3HNT6J9D;
				INFOPLIST_FILE = TableViewDemo/Info.plist;
				LD_RUNPATH_SEARCH_PATHS = (
					"$(inherited)",
					"@executable_path/Frameworks",
				);
				PRODUCT_BUNDLE_IDENTIFIER = com.victorsemenchuk.TableViewDemo;
				PRODUCT_NAME = "$(TARGET_NAME)";
				TARGETED_DEVICE_FAMILY = "1,2";
			};
			name = Release;
		};
/* End XCBuildConfiguration section */

/* Begin XCConfigurationList section */
		90FC654B244CDF4600210222 /* Build configuration list for PBXProject "TableViewDemo" */ = {
			isa = XCConfigurationList;
			buildConfigurations = (
				90FC6567244CDF4800210222 /* Debug */,
				90FC6568244CDF4800210222 /* Release */,
			);
			defaultConfigurationIsVisible = 0;
			defaultConfigurationName = Release;
		};
		90FC6569244CDF4800210222 /* Build configuration list for PBXNativeTarget "TableViewDemo" */ = {
			isa = XCConfigurationList;
			buildConfigurations = (
				90FC656A244CDF4800210222 /* Debug */,
				90FC656B244CDF4800210222 /* Release */,
			);
			defaultConfigurationIsVisible = 0;
			defaultConfigurationName = Release;
		};
/* End XCConfigurationList section */
	};
	rootObject = 90FC6548244CDF4600210222 /* Project object */;
}
