// !$*UTF8*$!
{
	archiveVersion = 1;
	classes = {
	};
	objectVersion = 50;
	objects = {

/* Begin PBXBuildFile section */
		90587E9124331BA30089A75A /* AppDelegate.m in Sources */ = {isa = PBXBuildFile; fileRef = 90587E9024331BA30089A75A /* AppDelegate.m */; };
		90587E9C24331BA40089A75A /* Assets.xcassets in Resources */ = {isa = PBXBuildFile; fileRef = 90587E9B24331BA40089A75A /* Assets.xcassets */; };
		90587E9F24331BA40089A75A /* LaunchScreen.storyboard in Resources */ = {isa = PBXBuildFile; fileRef = 90587E9D24331BA40089A75A /* LaunchScreen.storyboard */; };
		90587EA224331BA40089A75A /* main.m in Sources */ = {isa = PBXBuildFile; fileRef = 90587EA124331BA40089A75A /* main.m */; };
		90587EAA24331C1F0089A75A /* RSViewController.m in Sources */ = {isa = PBXBuildFile; fileRef = 90587EA924331C1F0089A75A /* RSViewController.m */; };
		90587EAE24331CCA0089A75A /* XIBViewController.m in Sources */ = {isa = PBXBuildFile; fileRef = 90587EAC24331CCA0089A75A /* XIBViewController.m */; };
		90587EAF24331CCA0089A75A /* XIBViewController.xib in Resources */ = {isa = PBXBuildFile; fileRef = 90587EAD24331CCA0089A75A /* XIBViewController.xib */; };
/* End PBXBuildFile section */

/* Begin PBXFileReference section */
		90587E8C24331BA30089A75A /* Xcode11_Entry.app */ = {isa = PBXFileReference; explicitFileType = wrapper.application; includeInIndex = 0; path = Xcode11_Entry.app; sourceTree = BUILT_PRODUCTS_DIR; };
		90587E8F24331BA30089A75A /* AppDelegate.h */ = {isa = PBXFileReference; lastKnownFileType = sourcecode.c.h; path = AppDelegate.h; sourceTree = "<group>"; };
		90587E9024331BA30089A75A /* AppDelegate.m */ = {isa = PBXFileReference; lastKnownFileType = sourcecode.c.objc; path = AppDelegate.m; sourceTree = "<group>"; };
		90587E9B24331BA40089A75A /* Assets.xcassets */ = {isa = PBXFileReference; lastKnownFileType = folder.assetcatalog; path = Assets.xcassets; sourceTree = "<group>"; };
		90587E9E24331BA40089A75A /* Base */ = {isa = PBXFileReference; lastKnownFileType = file.storyboard; name = Base; path = Base.lproj/LaunchScreen.storyboard; sourceTree = "<group>"; };
		90587EA024331BA40089A75A /* Info.plist */ = {isa = PBXFileReference; lastKnownFileType = text.plist.xml; path = Info.plist; sourceTree = "<group>"; };
		90587EA124331BA40089A75A /* main.m */ = {isa = PBXFileReference; lastKnownFileType = sourcecode.c.objc; path = main.m; sourceTree = "<group>"; };
		90587EA824331C1F0089A75A /* RSViewController.h */ = {isa = PBXFileReference; lastKnownFileType = sourcecode.c.h; path = RSViewController.h; sourceTree = "<group>"; };
		90587EA924331C1F0089A75A /* RSViewController.m */ = {isa = PBXFileReference; lastKnownFileType = sourcecode.c.objc; path = RSViewController.m; sourceTree = "<group>"; };
		90587EAB24331CCA0089A75A /* XIBViewController.h */ = {isa = PBXFileReference; lastKnownFileType = sourcecode.c.h; path = XIBViewController.h; sourceTree = "<group>"; };
		90587EAC24331CCA0089A75A /* XIBViewController.m */ = {isa = PBXFileReference; lastKnownFileType = sourcecode.c.objc; path = XIBViewController.m; sourceTree = "<group>"; };
		90587EAD24331CCA0089A75A /* XIBViewController.xib */ = {isa = PBXFileReference; lastKnownFileType = file.xib; path = XIBViewController.xib; sourceTree = "<group>"; };
/* End PBXFileReference section */

/* Begin PBXFrameworksBuildPhase section */
		90587E8924331BA30089A75A /* Frameworks */ = {
			isa = PBXFrameworksBuildPhase;
			buildActionMask = 2147483647;
			files = (
			);
			runOnlyForDeploymentPostprocessing = 0;
		};
/* End PBXFrameworksBuildPhase section */

/* Begin PBXGroup section */
		90587E8324331BA20089A75A = {
			isa = PBXGroup;
			children = (
				90587E8E24331BA30089A75A /* Xcode11_Entry */,
				90587E8D24331BA30089A75A /* Products */,
			);
			sourceTree = "<group>";
		};
		90587E8D24331BA30089A75A /* Products */ = {
			isa = PBXGroup;
			children = (
				90587E8C24331BA30089A75A /* Xcode11_Entry.app */,
			);
			name = Products;
			sourceTree = "<group>";
		};
		90587E8E24331BA30089A75A /* Xcode11_Entry */ = {
			isa = PBXGroup;
			children = (
				90587E8F24331BA30089A75A /* AppDelegate.h */,
				90587E9024331BA30089A75A /* AppDelegate.m */,
				90587E9B24331BA40089A75A /* Assets.xcassets */,
				90587E9D24331BA40089A75A /* LaunchScreen.storyboard */,
				90587EA024331BA40089A75A /* Info.plist */,
				90587EA124331BA40089A75A /* main.m */,
				90587EA824331C1F0089A75A /* RSViewController.h */,
				90587EA924331C1F0089A75A /* RSViewController.m */,
				90587EAB24331CCA0089A75A /* XIBViewController.h */,
				90587EAC24331CCA0089A75A /* XIBViewController.m */,
				90587EAD24331CCA0089A75A /* XIBViewController.xib */,
			);
			path = Xcode11_Entry;
			sourceTree = "<group>";
		};
/* End PBXGroup section */

/* Begin PBXNativeTarget section */
		90587E8B24331BA30089A75A /* Xcode11_Entry */ = {
			isa = PBXNativeTarget;
			buildConfigurationList = 90587EA524331BA40089A75A /* Build configuration list for PBXNativeTarget "Xcode11_Entry" */;
			buildPhases = (
				90587E8824331BA30089A75A /* Sources */,
				90587E8924331BA30089A75A /* Frameworks */,
				90587E8A24331BA30089A75A /* Resources */,
			);
			buildRules = (
			);
			dependencies = (
			);
			name = Xcode11_Entry;
			productName = Xcode11_Entry;
			productReference = 90587E8C24331BA30089A75A /* Xcode11_Entry.app */;
			productType = "com.apple.product-type.application";
		};
/* End PBXNativeTarget section */

/* Begin PBXProject section */
		90587E8424331BA20089A75A /* Project object */ = {
			isa = PBXProject;
			attributes = {
				LastUpgradeCheck = 1140;
				ORGANIZATIONNAME = "Victor Semenchuk";
				TargetAttributes = {
					90587E8B24331BA30089A75A = {
						CreatedOnToolsVersion = 11.4;
					};
				};
			};
			buildConfigurationList = 90587E8724331BA20089A75A /* Build configuration list for PBXProject "Xcode11_Entry" */;
			compatibilityVersion = "Xcode 9.3";
			developmentRegion = en;
			hasScannedForEncodings = 0;
			knownRegions = (
				en,
				Base,
			);
			mainGroup = 90587E8324331BA20089A75A;
			productRefGroup = 90587E8D24331BA30089A75A /* Products */;
			projectDirPath = "";
			projectRoot = "";
			targets = (
				90587E8B24331BA30089A75A /* Xcode11_Entry */,
			);
		};
/* End PBXProject section */

/* Begin PBXResourcesBuildPhase section */
		90587E8A24331BA30089A75A /* Resources */ = {
			isa = PBXResourcesBuildPhase;
			buildActionMask = 2147483647;
			files = (
				90587E9F24331BA40089A75A /* LaunchScreen.storyboard in Resources */,
				90587E9C24331BA40089A75A /* Assets.xcassets in Resources */,
				90587EAF24331CCA0089A75A /* XIBViewController.xib in Resources */,
			);
			runOnlyForDeploymentPostprocessing = 0;
		};
/* End PBXResourcesBuildPhase section */

/* Begin PBXSourcesBuildPhase section */
		90587E8824331BA30089A75A /* Sources */ = {
			isa = PBXSourcesBuildPhase;
			buildActionMask = 2147483647;
			files = (
				90587E9124331BA30089A75A /* AppDelegate.m in Sources */,
				90587EAA24331C1F0089A75A /* RSViewController.m in Sources */,
				90587EA224331BA40089A75A /* main.m in Sources */,
				90587EAE24331CCA0089A75A /* XIBViewController.m in Sources */,
			);
			runOnlyForDeploymentPostprocessing = 0;
		};
/* End PBXSourcesBuildPhase section */

/* Begin PBXVariantGroup section */
		90587E9D24331BA40089A75A /* LaunchScreen.storyboard */ = {
			isa = PBXVariantGroup;
			children = (
				90587E9E24331BA40089A75A /* Base */,
			);
			name = LaunchScreen.storyboard;
			sourceTree = "<group>";
		};
/* End PBXVariantGroup section */

/* Begin XCBuildConfiguration section */
		90587EA324331BA40089A75A /* Debug */ = {
			isa = XCBuildConfiguration;
			buildSettings = {
				ALWAYS_SEARCH_USER_PATHS = NO;
				CLANG_ANALYZER_NONNULL = YES;
				CLANG_ANALYZER_NUMBER_OBJECT_CONVERSION = YES_AGGRESSIVE;
				CLANG_CXX_LANGUAGE_STANDARD = "gnu++14";
				CLANG_CXX_LIBRARY = "libc++";
				CLANG_ENABLE_MODULES = YES;
				CLANG_ENABLE_OBJC_ARC = YES;
				CLANG_ENABLE_OBJC_WEAK = YES;
				CLANG_WARN_BLOCK_CAPTURE_AUTORELEASING = YES;
				CLANG_WARN_BOOL_CONVERSION = YES;
				CLANG_WARN_COMMA = YES;
				CLANG_WARN_CONSTANT_CONVERSION = YES;
				CLANG_WARN_DEPRECATED_OBJC_IMPLEMENTATIONS = YES;
				CLANG_WARN_DIRECT_OBJC_ISA_USAGE = YES_ERROR;
				CLANG_WARN_DOCUMENTATION_COMMENTS = YES;
				CLANG_WARN_EMPTY_BODY = YES;
				CLANG_WARN_ENUM_CONVERSION = YES;
				CLANG_WARN_INFINITE_RECURSION = YES;
				CLANG_WARN_INT_CONVERSION = YES;
				CLANG_WARN_NON_LITERAL_NULL_CONVERSION = YES;
				CLANG_WARN_OBJC_IMPLICIT_RETAIN_SELF = YES;
				CLANG_WARN_OBJC_LITERAL_CONVERSION = YES;
				CLANG_WARN_OBJC_ROOT_CLASS = YES_ERROR;
				CLANG_WARN_RANGE_LOOP_ANALYSIS = YES;
				CLANG_WARN_STRICT_PROTOTYPES = YES;
				CLANG_WARN_SUSPICIOUS_MOVE = YES;
				CLANG_WARN_UNGUARDED_AVAILABILITY = YES_AGGRESSIVE;
				CLANG_WARN_UNREACHABLE_CODE = YES;
				CLANG_WARN__DUPLICATE_METHOD_MATCH = YES;
				COPY_PHASE_STRIP = NO;
				DEBUG_INFORMATION_FORMAT = dwarf;
				ENABLE_STRICT_OBJC_MSGSEND = YES;
				ENABLE_TESTABILITY = YES;
				GCC_C_LANGUAGE_STANDARD = gnu11;
				GCC_DYNAMIC_NO_PIC = NO;
				GCC_NO_COMMON_BLOCKS = YES;
				GCC_OPTIMIZATION_LEVEL = 0;
				GCC_PREPROCESSOR_DEFINITIONS = (
					"DEBUG=1",
					"$(inherited)",
				);
				GCC_WARN_64_TO_32_BIT_CONVERSION = YES;
				GCC_WARN_ABOUT_RETURN_TYPE = YES_ERROR;
				GCC_WARN_UNDECLARED_SELECTOR = YES;
				GCC_WARN_UNINITIALIZED_AUTOS = YES_AGGRESSIVE;
				GCC_WARN_UNUSED_FUNCTION = YES;
				GCC_WARN_UNUSED_VARIABLE = YES;
				IPHONEOS_DEPLOYMENT_TARGET = 13.4;
				MTL_ENABLE_DEBUG_INFO = INCLUDE_SOURCE;
				MTL_FAST_MATH = YES;
				ONLY_ACTIVE_ARCH = YES;
				SDKROOT = iphoneos;
			};
			name = Debug;
		};
		90587EA424331BA40089A75A /* Release */ = {
			isa = XCBuildConfiguration;
			buildSettings = {
				ALWAYS_SEARCH_USER_PATHS = NO;
				CLANG_ANALYZER_NONNULL = YES;
				CLANG_ANALYZER_NUMBER_OBJECT_CONVERSION = YES_AGGRESSIVE;
				CLANG_CXX_LANGUAGE_STANDARD = "gnu++14";
				CLANG_CXX_LIBRARY = "libc++";
				CLANG_ENABLE_MODULES = YES;
				CLANG_ENABLE_OBJC_ARC = YES;
				CLANG_ENABLE_OBJC_WEAK = YES;
				CLANG_WARN_BLOCK_CAPTURE_AUTORELEASING = YES;
				CLANG_WARN_BOOL_CONVERSION = YES;
				CLANG_WARN_COMMA = YES;
				CLANG_WARN_CONSTANT_CONVERSION = YES;
				CLANG_WARN_DEPRECATED_OBJC_IMPLEMENTATIONS = YES;
				CLANG_WARN_DIRECT_OBJC_ISA_USAGE = YES_ERROR;
				CLANG_WARN_DOCUMENTATION_COMMENTS = YES;
				CLANG_WARN_EMPTY_BODY = YES;
				CLANG_WARN_ENUM_CONVERSION = YES;
				CLANG_WARN_INFINITE_RECURSION = YES;
				CLANG_WARN_INT_CONVERSION = YES;
				CLANG_WARN_NON_LITERAL_NULL_CONVERSION = YES;
				CLANG_WARN_OBJC_IMPLICIT_RETAIN_SELF = YES;
				CLANG_WARN_OBJC_LITERAL_CONVERSION = YES;
				CLANG_WARN_OBJC_ROOT_CLASS = YES_ERROR;
				CLANG_WARN_RANGE_LOOP_ANALYSIS = YES;
				CLANG_WARN_STRICT_PROTOTYPES = YES;
				CLANG_WARN_SUSPICIOUS_MOVE = YES;
				CLANG_WARN_UNGUARDED_AVAILABILITY = YES_AGGRESSIVE;
				CLANG_WARN_UNREACHABLE_CODE = YES;
				CLANG_WARN__DUPLICATE_METHOD_MATCH = YES;
				COPY_PHASE_STRIP = NO;
				DEBUG_INFORMATION_FORMAT = "dwarf-with-dsym";
				ENABLE_NS_ASSERTIONS = NO;
				ENABLE_STRICT_OBJC_MSGSEND = YES;
				GCC_C_LANGUAGE_STANDARD = gnu11;
				GCC_NO_COMMON_BLOCKS = YES;
				GCC_WARN_64_TO_32_BIT_CONVERSION = YES;
				GCC_WARN_ABOUT_RETURN_TYPE = YES_ERROR;
				GCC_WARN_UNDECLARED_SELECTOR = YES;
				GCC_WARN_UNINITIALIZED_AUTOS = YES_AGGRESSIVE;
				GCC_WARN_UNUSED_FUNCTION = YES;
				GCC_WARN_UNUSED_VARIABLE = YES;
				IPHONEOS_DEPLOYMENT_TARGET = 13.4;
				MTL_ENABLE_DEBUG_INFO = NO;
				MTL_FAST_MATH = YES;
				SDKROOT = iphoneos;
				VALIDATE_PRODUCT = YES;
			};
			name = Release;
		};
		90587EA624331BA40089A75A /* Debug */ = {
			isa = XCBuildConfiguration;
			buildSettings = {
				ASSETCATALOG_COMPILER_APPICON_NAME = AppIcon;
				CODE_SIGN_STYLE = Automatic;
				DEVELOPMENT_TEAM = 5M3HNT6J9D;
				INFOPLIST_FILE = Xcode11_Entry/Info.plist;
				LD_RUNPATH_SEARCH_PATHS = (
					"$(inherited)",
					"@executable_path/Frameworks",
				);
				PRODUCT_BUNDLE_IDENTIFIER = "com.victorsemenchuk.Xcode11-Entry";
				PRODUCT_NAME = "$(TARGET_NAME)";
				TARGETED_DEVICE_FAMILY = "1,2";
			};
			name = Debug;
		};
		90587EA724331BA40089A75A /* Release */ = {
			isa = XCBuildConfiguration;
			buildSettings = {
				ASSETCATALOG_COMPILER_APPICON_NAME = AppIcon;
				CODE_SIGN_STYLE = Automatic;
				DEVELOPMENT_TEAM = 5M3HNT6J9D;
				INFOPLIST_FILE = Xcode11_Entry/Info.plist;
				LD_RUNPATH_SEARCH_PATHS = (
					"$(inherited)",
					"@executable_path/Frameworks",
				);
				PRODUCT_BUNDLE_IDENTIFIER = "com.victorsemenchuk.Xcode11-Entry";
				PRODUCT_NAME = "$(TARGET_NAME)";
				TARGETED_DEVICE_FAMILY = "1,2";
			};
			name = Release;
		};
/* End XCBuildConfiguration section */

/* Begin XCConfigurationList section */
		90587E8724331BA20089A75A /* Build configuration list for PBXProject "Xcode11_Entry" */ = {
			isa = XCConfigurationList;
			buildConfigurations = (
				90587EA324331BA40089A75A /* Debug */,
				90587EA424331BA40089A75A /* Release */,
			);
			defaultConfigurationIsVisible = 0;
			defaultConfigurationName = Release;
		};
		90587EA524331BA40089A75A /* Build configuration list for PBXNativeTarget "Xcode11_Entry" */ = {
			isa = XCConfigurationList;
			buildConfigurations = (
				90587EA624331BA40089A75A /* Debug */,
				90587EA724331BA40089A75A /* Release */,
			);
			defaultConfigurationIsVisible = 0;
			defaultConfigurationName = Release;
		};
/* End XCConfigurationList section */
	};
	rootObject = 90587E8424331BA20089A75A /* Project object */;
}
