// !$*UTF8*$!
{
	archiveVersion = 1;
	classes = {
	};
	objectVersion = 50;
	objects = {

/* Begin PBXBuildFile section */
		6229FB3B2427B77A00CFCDB2 /* AppDelegate.m in Sources */ = {isa = PBXBuildFile; fileRef = 6229FB3A2427B77A00CFCDB2 /* AppDelegate.m */; };
		6229FB412427B77A00CFCDB2 /* ViewController.m in Sources */ = {isa = PBXBuildFile; fileRef = 6229FB402427B77A00CFCDB2 /* ViewController.m */; };
		6229FB442427B77A00CFCDB2 /* Main.storyboard in Resources */ = {isa = PBXBuildFile; fileRef = 6229FB422427B77A00CFCDB2 /* Main.storyboard */; };
		6229FB462427B77C00CFCDB2 /* Assets.xcassets in Resources */ = {isa = PBXBuildFile; fileRef = 6229FB452427B77C00CFCDB2 /* Assets.xcassets */; };
		6229FB492427B77C00CFCDB2 /* LaunchScreen.storyboard in Resources */ = {isa = PBXBuildFile; fileRef = 6229FB472427B77C00CFCDB2 /* LaunchScreen.storyboard */; };
		6229FB4C2427B77C00CFCDB2 /* main.m in Sources */ = {isa = PBXBuildFile; fileRef = 6229FB4B2427B77C00CFCDB2 /* main.m */; };
/* End PBXBuildFile section */

/* Begin PBXFileReference section */
		6229FB362427B77A00CFCDB2 /* UIElements.app */ = {isa = PBXFileReference; explicitFileType = wrapper.application; includeInIndex = 0; path = UIElements.app; sourceTree = BUILT_PRODUCTS_DIR; };
		6229FB392427B77A00CFCDB2 /* AppDelegate.h */ = {isa = PBXFileReference; lastKnownFileType = sourcecode.c.h; path = AppDelegate.h; sourceTree = "<group>"; };
		6229FB3A2427B77A00CFCDB2 /* AppDelegate.m */ = {isa = PBXFileReference; lastKnownFileType = sourcecode.c.objc; path = AppDelegate.m; sourceTree = "<group>"; };
		6229FB3F2427B77A00CFCDB2 /* ViewController.h */ = {isa = PBXFileReference; lastKnownFileType = sourcecode.c.h; path = ViewController.h; sourceTree = "<group>"; };
		6229FB402427B77A00CFCDB2 /* ViewController.m */ = {isa = PBXFileReference; lastKnownFileType = sourcecode.c.objc; path = ViewController.m; sourceTree = "<group>"; };
		6229FB432427B77A00CFCDB2 /* Base */ = {isa = PBXFileReference; lastKnownFileType = file.storyboard; name = Base; path = Base.lproj/Main.storyboard; sourceTree = "<group>"; };
		6229FB452427B77C00CFCDB2 /* Assets.xcassets */ = {isa = PBXFileReference; lastKnownFileType = folder.assetcatalog; path = Assets.xcassets; sourceTree = "<group>"; };
		6229FB482427B77C00CFCDB2 /* Base */ = {isa = PBXFileReference; lastKnownFileType = file.storyboard; name = Base; path = Base.lproj/LaunchScreen.storyboard; sourceTree = "<group>"; };
		6229FB4A2427B77C00CFCDB2 /* Info.plist */ = {isa = PBXFileReference; lastKnownFileType = text.plist.xml; path = Info.plist; sourceTree = "<group>"; };
		6229FB4B2427B77C00CFCDB2 /* main.m */ = {isa = PBXFileReference; lastKnownFileType = sourcecode.c.objc; path = main.m; sourceTree = "<group>"; };
/* End PBXFileReference section */

/* Begin PBXFrameworksBuildPhase section */
		6229FB332427B77A00CFCDB2 /* Frameworks */ = {
			isa = PBXFrameworksBuildPhase;
			buildActionMask = 2147483647;
			files = (
			);
			runOnlyForDeploymentPostprocessing = 0;
		};
/* End PBXFrameworksBuildPhase section */

/* Begin PBXGroup section */
		6229FB2D2427B77A00CFCDB2 = {
			isa = PBXGroup;
			children = (
				6229FB382427B77A00CFCDB2 /* UIElements */,
				6229FB372427B77A00CFCDB2 /* Products */,
			);
			sourceTree = "<group>";
		};
		6229FB372427B77A00CFCDB2 /* Products */ = {
			isa = PBXGroup;
			children = (
				6229FB362427B77A00CFCDB2 /* UIElements.app */,
			);
			name = Products;
			sourceTree = "<group>";
		};
		6229FB382427B77A00CFCDB2 /* UIElements */ = {
			isa = PBXGroup;
			children = (
				6229FB392427B77A00CFCDB2 /* AppDelegate.h */,
				6229FB3A2427B77A00CFCDB2 /* AppDelegate.m */,
				6229FB3F2427B77A00CFCDB2 /* ViewController.h */,
				6229FB402427B77A00CFCDB2 /* ViewController.m */,
				6229FB422427B77A00CFCDB2 /* Main.storyboard */,
				6229FB452427B77C00CFCDB2 /* Assets.xcassets */,
				6229FB472427B77C00CFCDB2 /* LaunchScreen.storyboard */,
				6229FB4A2427B77C00CFCDB2 /* Info.plist */,
				6229FB4B2427B77C00CFCDB2 /* main.m */,
			);
			path = UIElements;
			sourceTree = "<group>";
		};
/* End PBXGroup section */

/* Begin PBXNativeTarget section */
		6229FB352427B77A00CFCDB2 /* UIElements */ = {
			isa = PBXNativeTarget;
			buildConfigurationList = 6229FB4F2427B77C00CFCDB2 /* Build configuration list for PBXNativeTarget "UIElements" */;
			buildPhases = (
				6229FB322427B77A00CFCDB2 /* Sources */,
				6229FB332427B77A00CFCDB2 /* Frameworks */,
				6229FB342427B77A00CFCDB2 /* Resources */,
			);
			buildRules = (
			);
			dependencies = (
			);
			name = UIElements;
			productName = UIElements;
			productReference = 6229FB362427B77A00CFCDB2 /* UIElements.app */;
			productType = "com.apple.product-type.application";
		};
/* End PBXNativeTarget section */

/* Begin PBXProject section */
		6229FB2E2427B77A00CFCDB2 /* Project object */ = {
			isa = PBXProject;
			attributes = {
				LastUpgradeCheck = 1130;
				ORGANIZATIONNAME = "Dzmitry Tarelkin";
				TargetAttributes = {
					6229FB352427B77A00CFCDB2 = {
						CreatedOnToolsVersion = 11.3.1;
					};
				};
			};
			buildConfigurationList = 6229FB312427B77A00CFCDB2 /* Build configuration list for PBXProject "UIElements" */;
			compatibilityVersion = "Xcode 9.3";
			developmentRegion = en;
			hasScannedForEncodings = 0;
			knownRegions = (
				en,
				Base,
			);
			mainGroup = 6229FB2D2427B77A00CFCDB2;
			productRefGroup = 6229FB372427B77A00CFCDB2 /* Products */;
			projectDirPath = "";
			projectRoot = "";
			targets = (
				6229FB352427B77A00CFCDB2 /* UIElements */,
			);
		};
/* End PBXProject section */

/* Begin PBXResourcesBuildPhase section */
		6229FB342427B77A00CFCDB2 /* Resources */ = {
			isa = PBXResourcesBuildPhase;
			buildActionMask = 2147483647;
			files = (
				6229FB492427B77C00CFCDB2 /* LaunchScreen.storyboard in Resources */,
				6229FB462427B77C00CFCDB2 /* Assets.xcassets in Resources */,
				6229FB442427B77A00CFCDB2 /* Main.storyboard in Resources */,
			);
			runOnlyForDeploymentPostprocessing = 0;
		};
/* End PBXResourcesBuildPhase section */

/* Begin PBXSourcesBuildPhase section */
		6229FB322427B77A00CFCDB2 /* Sources */ = {
			isa = PBXSourcesBuildPhase;
			buildActionMask = 2147483647;
			files = (
				6229FB412427B77A00CFCDB2 /* ViewController.m in Sources */,
				6229FB3B2427B77A00CFCDB2 /* AppDelegate.m in Sources */,
				6229FB4C2427B77C00CFCDB2 /* main.m in Sources */,
			);
			runOnlyForDeploymentPostprocessing = 0;
		};
/* End PBXSourcesBuildPhase section */

/* Begin PBXVariantGroup section */
		6229FB422427B77A00CFCDB2 /* Main.storyboard */ = {
			isa = PBXVariantGroup;
			children = (
				6229FB432427B77A00CFCDB2 /* Base */,
			);
			name = Main.storyboard;
			sourceTree = "<group>";
		};
		6229FB472427B77C00CFCDB2 /* LaunchScreen.storyboard */ = {
			isa = PBXVariantGroup;
			children = (
				6229FB482427B77C00CFCDB2 /* Base */,
			);
			name = LaunchScreen.storyboard;
			sourceTree = "<group>";
		};
/* End PBXVariantGroup section */

/* Begin XCBuildConfiguration section */
		6229FB4D2427B77C00CFCDB2 /* Debug */ = {
			isa = XCBuildConfiguration;
			buildSettings = {
				ALWAYS_SEARCH_USER_PATHS = NO;
				CLANG_ANALYZER_NONNULL = YES;
				CLANG_ANALYZER_NUMBER_OBJECT_CONVERSION = YES_AGGRESSIVE;
				CLANG_CXX_LANGUAGE_STANDARD = "gnu++14";
				CLANG_CXX_LIBRARY = "libc++";
				CLANG_ENABLE_MODULES = YES;
				CLANG_ENABLE_OBJC_ARC = YES;
				CLANG_ENABLE_OBJC_WEAK = YES;
				CLANG_WARN_BLOCK_CAPTURE_AUTORELEASING = YES;
				CLANG_WARN_BOOL_CONVERSION = YES;
				CLANG_WARN_COMMA = YES;
				CLANG_WARN_CONSTANT_CONVERSION = YES;
				CLANG_WARN_DEPRECATED_OBJC_IMPLEMENTATIONS = YES;
				CLANG_WARN_DIRECT_OBJC_ISA_USAGE = YES_ERROR;
				CLANG_WARN_DOCUMENTATION_COMMENTS = YES;
				CLANG_WARN_EMPTY_BODY = YES;
				CLANG_WARN_ENUM_CONVERSION = YES;
				CLANG_WARN_INFINITE_RECURSION = YES;
				CLANG_WARN_INT_CONVERSION = YES;
				CLANG_WARN_NON_LITERAL_NULL_CONVERSION = YES;
				CLANG_WARN_OBJC_IMPLICIT_RETAIN_SELF = YES;
				CLANG_WARN_OBJC_LITERAL_CONVERSION = YES;
				CLANG_WARN_OBJC_ROOT_CLASS = YES_ERROR;
				CLANG_WARN_RANGE_LOOP_ANALYSIS = YES;
				CLANG_WARN_STRICT_PROTOTYPES = YES;
				CLANG_WARN_SUSPICIOUS_MOVE = YES;
				CLANG_WARN_UNGUARDED_AVAILABILITY = YES_AGGRESSIVE;
				CLANG_WARN_UNREACHABLE_CODE = YES;
				CLANG_WARN__DUPLICATE_METHOD_MATCH = YES;
				COPY_PHASE_STRIP = NO;
				DEBUG_INFORMATION_FORMAT = dwarf;
				ENABLE_STRICT_OBJC_MSGSEND = YES;
				ENABLE_TESTABILITY = YES;
				GCC_C_LANGUAGE_STANDARD = gnu11;
				GCC_DYNAMIC_NO_PIC = NO;
				GCC_NO_COMMON_BLOCKS = YES;
				GCC_OPTIMIZATION_LEVEL = 0;
				GCC_PREPROCESSOR_DEFINITIONS = (
					"DEBUG=1",
					"$(inherited)",
				);
				GCC_WARN_64_TO_32_BIT_CONVERSION = YES;
				GCC_WARN_ABOUT_RETURN_TYPE = YES_ERROR;
				GCC_WARN_UNDECLARED_SELECTOR = YES;
				GCC_WARN_UNINITIALIZED_AUTOS = YES_AGGRESSIVE;
				GCC_WARN_UNUSED_FUNCTION = YES;
				GCC_WARN_UNUSED_VARIABLE = YES;
				IPHONEOS_DEPLOYMENT_TARGET = 13.2;
				MTL_ENABLE_DEBUG_INFO = INCLUDE_SOURCE;
				MTL_FAST_MATH = YES;
				ONLY_ACTIVE_ARCH = YES;
				SDKROOT = iphoneos;
			};
			name = Debug;
		};
		6229FB4E2427B77C00CFCDB2 /* Release */ = {
			isa = XCBuildConfiguration;
			buildSettings = {
				ALWAYS_SEARCH_USER_PATHS = NO;
				CLANG_ANALYZER_NONNULL = YES;
				CLANG_ANALYZER_NUMBER_OBJECT_CONVERSION = YES_AGGRESSIVE;
				CLANG_CXX_LANGUAGE_STANDARD = "gnu++14";
				CLANG_CXX_LIBRARY = "libc++";
				CLANG_ENABLE_MODULES = YES;
				CLANG_ENABLE_OBJC_ARC = YES;
				CLANG_ENABLE_OBJC_WEAK = YES;
				CLANG_WARN_BLOCK_CAPTURE_AUTORELEASING = YES;
				CLANG_WARN_BOOL_CONVERSION = YES;
				CLANG_WARN_COMMA = YES;
				CLANG_WARN_CONSTANT_CONVERSION = YES;
				CLANG_WARN_DEPRECATED_OBJC_IMPLEMENTATIONS = YES;
				CLANG_WARN_DIRECT_OBJC_ISA_USAGE = YES_ERROR;
				CLANG_WARN_DOCUMENTATION_COMMENTS = YES;
				CLANG_WARN_EMPTY_BODY = YES;
				CLANG_WARN_ENUM_CONVERSION = YES;
				CLANG_WARN_INFINITE_RECURSION = YES;
				CLANG_WARN_INT_CONVERSION = YES;
				CLANG_WARN_NON_LITERAL_NULL_CONVERSION = YES;
				CLANG_WARN_OBJC_IMPLICIT_RETAIN_SELF = YES;
				CLANG_WARN_OBJC_LITERAL_CONVERSION = YES;
				CLANG_WARN_OBJC_ROOT_CLASS = YES_ERROR;
				CLANG_WARN_RANGE_LOOP_ANALYSIS = YES;
				CLANG_WARN_STRICT_PROTOTYPES = YES;
				CLANG_WARN_SUSPICIOUS_MOVE = YES;
				CLANG_WARN_UNGUARDED_AVAILABILITY = YES_AGGRESSIVE;
				CLANG_WARN_UNREACHABLE_CODE = YES;
				CLANG_WARN__DUPLICATE_METHOD_MATCH = YES;
				COPY_PHASE_STRIP = NO;
				DEBUG_INFORMATION_FORMAT = "dwarf-with-dsym";
				ENABLE_NS_ASSERTIONS = NO;
				ENABLE_STRICT_OBJC_MSGSEND = YES;
				GCC_C_LANGUAGE_STANDARD = gnu11;
				GCC_NO_COMMON_BLOCKS = YES;
				GCC_WARN_64_TO_32_BIT_CONVERSION = YES;
				GCC_WARN_ABOUT_RETURN_TYPE = YES_ERROR;
				GCC_WARN_UNDECLARED_SELECTOR = YES;
				GCC_WARN_UNINITIALIZED_AUTOS = YES_AGGRESSIVE;
				GCC_WARN_UNUSED_FUNCTION = YES;
				GCC_WARN_UNUSED_VARIABLE = YES;
				IPHONEOS_DEPLOYMENT_TARGET = 13.2;
				MTL_ENABLE_DEBUG_INFO = NO;
				MTL_FAST_MATH = YES;
				SDKROOT = iphoneos;
				VALIDATE_PRODUCT = YES;
			};
			name = Release;
		};
		6229FB502427B77C00CFCDB2 /* Debug */ = {
			isa = XCBuildConfiguration;
			buildSettings = {
				ASSETCATALOG_COMPILER_APPICON_NAME = AppIcon;
				CODE_SIGN_STYLE = Automatic;
				INFOPLIST_FILE = UIElements/Info.plist;
				LD_RUNPATH_SEARCH_PATHS = (
					"$(inherited)",
					"@executable_path/Frameworks",
				);
				PRODUCT_BUNDLE_IDENTIFIER = "dima-tarelkin.UIElements";
				PRODUCT_NAME = "$(TARGET_NAME)";
				TARGETED_DEVICE_FAMILY = "1,2";
			};
			name = Debug;
		};
		6229FB512427B77C00CFCDB2 /* Release */ = {
			isa = XCBuildConfiguration;
			buildSettings = {
				ASSETCATALOG_COMPILER_APPICON_NAME = AppIcon;
				CODE_SIGN_STYLE = Automatic;
				INFOPLIST_FILE = UIElements/Info.plist;
				LD_RUNPATH_SEARCH_PATHS = (
					"$(inherited)",
					"@executable_path/Frameworks",
				);
				PRODUCT_BUNDLE_IDENTIFIER = "dima-tarelkin.UIElements";
				PRODUCT_NAME = "$(TARGET_NAME)";
				TARGETED_DEVICE_FAMILY = "1,2";
			};
			name = Release;
		};
/* End XCBuildConfiguration section */

/* Begin XCConfigurationList section */
		6229FB312427B77A00CFCDB2 /* Build configuration list for PBXProject "UIElements" */ = {
			isa = XCConfigurationList;
			buildConfigurations = (
				6229FB4D2427B77C00CFCDB2 /* Debug */,
				6229FB4E2427B77C00CFCDB2 /* Release */,
			);
			defaultConfigurationIsVisible = 0;
			defaultConfigurationName = Release;
		};
		6229FB4F2427B77C00CFCDB2 /* Build configuration list for PBXNativeTarget "UIElements" */ = {
			isa = XCConfigurationList;
			buildConfigurations = (
				6229FB502427B77C00CFCDB2 /* Debug */,
				6229FB512427B77C00CFCDB2 /* Release */,
			);
			defaultConfigurationIsVisible = 0;
			defaultConfigurationName = Release;
		};
/* End XCConfigurationList section */
	};
	rootObject = 6229FB2E2427B77A00CFCDB2 /* Project object */;
}
