// !$*UTF8*$!
{
	archiveVersion = 1;
	classes = {
	};
	objectVersion = 50;
	objects = {

/* Begin PBXBuildFile section */
		73A3E56C263585B800633B34 /* main.m in Sources */ = {isa = PBXBuildFile; fileRef = 73A3E56B263585B800633B34 /* main.m */; };
		73A3E5A62635962900633B34 /* RSPassenger.m in Sources */ = {isa = PBXBuildFile; fileRef = 73A3E5A52635962900633B34 /* RSPassenger.m */; };
		73A3E5AA2635968300633B34 /* RSVehicle.m in Sources */ = {isa = PBXBuildFile; fileRef = 73A3E5A92635968300633B34 /* RSVehicle.m */; };
		73A3E5BF2635996000633B34 /* RSCar.m in Sources */ = {isa = PBXBuildFile; fileRef = 73A3E5BE2635996000633B34 /* RSCar.m */; };
		73A3E5C426359C3700633B34 /* RSSpaceship.m in Sources */ = {isa = PBXBuildFile; fileRef = 73A3E5C326359C3700633B34 /* RSSpaceship.m */; };
		73A3E5CF2635A02400633B34 /* RSPort.m in Sources */ = {isa = PBXBuildFile; fileRef = 73A3E5CE2635A02400633B34 /* RSPort.m */; };
		73A3E5DC2635A8A300633B34 /* RSPassenger+Identifiable.m in Sources */ = {isa = PBXBuildFile; fileRef = 73A3E5DB2635A8A300633B34 /* RSPassenger+Identifiable.m */; };
/* End PBXBuildFile section */

/* Begin PBXCopyFilesBuildPhase section */
		73A3E566263585B800633B34 /* CopyFiles */ = {
			isa = PBXCopyFilesBuildPhase;
			buildActionMask = 2147483647;
			dstPath = /usr/share/man/man1/;
			dstSubfolderSpec = 0;
			files = (
			);
			runOnlyForDeploymentPostprocessing = 1;
		};
/* End PBXCopyFilesBuildPhase section */

/* Begin PBXFileReference section */
		73A3E568263585B800633B34 /* Objective-C Fundamentals */ = {isa = PBXFileReference; explicitFileType = "compiled.mach-o.executable"; includeInIndex = 0; path = "Objective-C Fundamentals"; sourceTree = BUILT_PRODUCTS_DIR; };
		73A3E56B263585B800633B34 /* main.m */ = {isa = PBXFileReference; lastKnownFileType = sourcecode.c.objc; path = main.m; sourceTree = "<group>"; };
		73A3E5A42635962900633B34 /* RSPassenger.h */ = {isa = PBXFileReference; lastKnownFileType = sourcecode.c.h; path = RSPassenger.h; sourceTree = "<group>"; };
		73A3E5A52635962900633B34 /* RSPassenger.m */ = {isa = PBXFileReference; lastKnownFileType = sourcecode.c.objc; path = RSPassenger.m; sourceTree = "<group>"; };
		73A3E5A82635968300633B34 /* RSVehicle.h */ = {isa = PBXFileReference; lastKnownFileType = sourcecode.c.h; path = RSVehicle.h; sourceTree = "<group>"; };
		73A3E5A92635968300633B34 /* RSVehicle.m */ = {isa = PBXFileReference; lastKnownFileType = sourcecode.c.objc; path = RSVehicle.m; sourceTree = "<group>"; };
		73A3E5BD2635996000633B34 /* RSCar.h */ = {isa = PBXFileReference; lastKnownFileType = sourcecode.c.h; path = RSCar.h; sourceTree = "<group>"; };
		73A3E5BE2635996000633B34 /* RSCar.m */ = {isa = PBXFileReference; lastKnownFileType = sourcecode.c.objc; path = RSCar.m; sourceTree = "<group>"; };
		73A3E5C226359C3700633B34 /* RSSpaceship.h */ = {isa = PBXFileReference; lastKnownFileType = sourcecode.c.h; path = RSSpaceship.h; sourceTree = "<group>"; };
		73A3E5C326359C3700633B34 /* RSSpaceship.m */ = {isa = PBXFileReference; lastKnownFileType = sourcecode.c.objc; path = RSSpaceship.m; sourceTree = "<group>"; };
		73A3E5CD2635A02400633B34 /* RSPort.h */ = {isa = PBXFileReference; lastKnownFileType = sourcecode.c.h; path = RSPort.h; sourceTree = "<group>"; };
		73A3E5CE2635A02400633B34 /* RSPort.m */ = {isa = PBXFileReference; lastKnownFileType = sourcecode.c.objc; path = RSPort.m; sourceTree = "<group>"; };
		73A3E5D72635A4FE00633B34 /* RSPortEnterable.h */ = {isa = PBXFileReference; lastKnownFileType = sourcecode.c.h; path = RSPortEnterable.h; sourceTree = "<group>"; };
		73A3E5DA2635A8A300633B34 /* RSPassenger+Identifiable.h */ = {isa = PBXFileReference; lastKnownFileType = sourcecode.c.h; path = "RSPassenger+Identifiable.h"; sourceTree = "<group>"; };
		73A3E5DB2635A8A300633B34 /* RSPassenger+Identifiable.m */ = {isa = PBXFileReference; lastKnownFileType = sourcecode.c.objc; path = "RSPassenger+Identifiable.m"; sourceTree = "<group>"; };
/* End PBXFileReference section */

/* Begin PBXFrameworksBuildPhase section */
		73A3E565263585B800633B34 /* Frameworks */ = {
			isa = PBXFrameworksBuildPhase;
			buildActionMask = 2147483647;
			files = (
			);
			runOnlyForDeploymentPostprocessing = 0;
		};
/* End PBXFrameworksBuildPhase section */

/* Begin PBXGroup section */
		73A3E55F263585B800633B34 = {
			isa = PBXGroup;
			children = (
				73A3E56A263585B800633B34 /* Objective-C Fundamentals */,
				73A3E569263585B800633B34 /* Products */,
			);
			sourceTree = "<group>";
		};
		73A3E569263585B800633B34 /* Products */ = {
			isa = PBXGroup;
			children = (
				73A3E568263585B800633B34 /* Objective-C Fundamentals */,
			);
			name = Products;
			sourceTree = "<group>";
		};
		73A3E56A263585B800633B34 /* Objective-C Fundamentals */ = {
			isa = PBXGroup;
			children = (
				73A3E59C2635956700633B34 /* Model */,
				73A3E56B263585B800633B34 /* main.m */,
			);
			path = "Objective-C Fundamentals";
			sourceTree = "<group>";
		};
		73A3E59C2635956700633B34 /* Model */ = {
			isa = PBXGroup;
			children = (
				73A3E5CC2635A01900633B34 /* Port */,
				73A3E5A32635961C00633B34 /* Passenger */,
				73A3E5A22635961700633B34 /* Vehicle */,
			);
			path = Model;
			sourceTree = "<group>";
		};
		73A3E5A22635961700633B34 /* Vehicle */ = {
			isa = PBXGroup;
			children = (
				73A3E5C126359C1A00633B34 /* Spaceship */,
				73A3E5B72635994000633B34 /* Car */,
				73A3E5A82635968300633B34 /* RSVehicle.h */,
				73A3E5A92635968300633B34 /* RSVehicle.m */,
			);
			path = Vehicle;
			sourceTree = "<group>";
		};
		73A3E5A32635961C00633B34 /* Passenger */ = {
			isa = PBXGroup;
			children = (
				73A3E5D92635A88200633B34 /* Category */,
				73A3E5A42635962900633B34 /* RSPassenger.h */,
				73A3E5A52635962900633B34 /* RSPassenger.m */,
			);
			path = Passenger;
			sourceTree = "<group>";
		};
		73A3E5B72635994000633B34 /* Car */ = {
			isa = PBXGroup;
			children = (
				73A3E5BD2635996000633B34 /* RSCar.h */,
				73A3E5BE2635996000633B34 /* RSCar.m */,
			);
			path = Car;
			sourceTree = "<group>";
		};
		73A3E5C126359C1A00633B34 /* Spaceship */ = {
			isa = PBXGroup;
			children = (
				73A3E5C226359C3700633B34 /* RSSpaceship.h */,
				73A3E5C326359C3700633B34 /* RSSpaceship.m */,
			);
			path = Spaceship;
			sourceTree = "<group>";
		};
		73A3E5CC2635A01900633B34 /* Port */ = {
			isa = PBXGroup;
			children = (
				73A3E5CD2635A02400633B34 /* RSPort.h */,
				73A3E5CE2635A02400633B34 /* RSPort.m */,
				73A3E5D72635A4FE00633B34 /* RSPortEnterable.h */,
			);
			path = Port;
			sourceTree = "<group>";
		};
		73A3E5D92635A88200633B34 /* Category */ = {
			isa = PBXGroup;
			children = (
				73A3E5DA2635A8A300633B34 /* RSPassenger+Identifiable.h */,
				73A3E5DB2635A8A300633B34 /* RSPassenger+Identifiable.m */,
			);
			path = Category;
			sourceTree = "<group>";
		};
/* End PBXGroup section */

/* Begin PBXNativeTarget section */
		73A3E567263585B800633B34 /* Objective-C Fundamentals */ = {
			isa = PBXNativeTarget;
			buildConfigurationList = 73A3E56F263585B800633B34 /* Build configuration list for PBXNativeTarget "Objective-C Fundamentals" */;
			buildPhases = (
				73A3E564263585B800633B34 /* Sources */,
				73A3E565263585B800633B34 /* Frameworks */,
				73A3E566263585B800633B34 /* CopyFiles */,
			);
			buildRules = (
			);
			dependencies = (
			);
			name = "Objective-C Fundamentals";
			productName = "Objective-C Fundamentals";
			productReference = 73A3E568263585B800633B34 /* Objective-C Fundamentals */;
			productType = "com.apple.product-type.tool";
		};
/* End PBXNativeTarget section */

/* Begin PBXProject section */
		73A3E560263585B800633B34 /* Project object */ = {
			isa = PBXProject;
			attributes = {
				LastUpgradeCheck = 1240;
				TargetAttributes = {
					73A3E567263585B800633B34 = {
						CreatedOnToolsVersion = 12.4;
					};
				};
			};
			buildConfigurationList = 73A3E563263585B800633B34 /* Build configuration list for PBXProject "Objective-C Fundamentals" */;
			compatibilityVersion = "Xcode 9.3";
			developmentRegion = en;
			hasScannedForEncodings = 0;
			knownRegions = (
				en,
				Base,
			);
			mainGroup = 73A3E55F263585B800633B34;
			productRefGroup = 73A3E569263585B800633B34 /* Products */;
			projectDirPath = "";
			projectRoot = "";
			targets = (
				73A3E567263585B800633B34 /* Objective-C Fundamentals */,
			);
		};
/* End PBXProject section */

/* Begin PBXSourcesBuildPhase section */
		73A3E564263585B800633B34 /* Sources */ = {
			isa = PBXSourcesBuildPhase;
			buildActionMask = 2147483647;
			files = (
				73A3E56C263585B800633B34 /* main.m in Sources */,
				73A3E5DC2635A8A300633B34 /* RSPassenger+Identifiable.m in Sources */,
				73A3E5BF2635996000633B34 /* RSCar.m in Sources */,
				73A3E5A62635962900633B34 /* RSPassenger.m in Sources */,
				73A3E5C426359C3700633B34 /* RSSpaceship.m in Sources */,
				73A3E5CF2635A02400633B34 /* RSPort.m in Sources */,
				73A3E5AA2635968300633B34 /* RSVehicle.m in Sources */,
			);
			runOnlyForDeploymentPostprocessing = 0;
		};
/* End PBXSourcesBuildPhase section */

/* Begin XCBuildConfiguration section */
		73A3E56D263585B800633B34 /* Debug */ = {
			isa = XCBuildConfiguration;
			buildSettings = {
				ALWAYS_SEARCH_USER_PATHS = NO;
				CLANG_ANALYZER_NONNULL = YES;
				CLANG_ANALYZER_NUMBER_OBJECT_CONVERSION = YES_AGGRESSIVE;
				CLANG_CXX_LANGUAGE_STANDARD = "gnu++14";
				CLANG_CXX_LIBRARY = "libc++";
				CLANG_ENABLE_MODULES = YES;
				CLANG_ENABLE_OBJC_ARC = YES;
				CLANG_ENABLE_OBJC_WEAK = YES;
				CLANG_WARN_BLOCK_CAPTURE_AUTORELEASING = YES;
				CLANG_WARN_BOOL_CONVERSION = YES;
				CLANG_WARN_COMMA = YES;
				CLANG_WARN_CONSTANT_CONVERSION = YES;
				CLANG_WARN_DEPRECATED_OBJC_IMPLEMENTATIONS = YES;
				CLANG_WARN_DIRECT_OBJC_ISA_USAGE = YES_ERROR;
				CLANG_WARN_DOCUMENTATION_COMMENTS = YES;
				CLANG_WARN_EMPTY_BODY = YES;
				CLANG_WARN_ENUM_CONVERSION = YES;
				CLANG_WARN_INFINITE_RECURSION = YES;
				CLANG_WARN_INT_CONVERSION = YES;
				CLANG_WARN_NON_LITERAL_NULL_CONVERSION = YES;
				CLANG_WARN_OBJC_IMPLICIT_RETAIN_SELF = YES;
				CLANG_WARN_OBJC_LITERAL_CONVERSION = YES;
				CLANG_WARN_OBJC_ROOT_CLASS = YES_ERROR;
				CLANG_WARN_QUOTED_INCLUDE_IN_FRAMEWORK_HEADER = YES;
				CLANG_WARN_RANGE_LOOP_ANALYSIS = YES;
				CLANG_WARN_STRICT_PROTOTYPES = YES;
				CLANG_WARN_SUSPICIOUS_MOVE = YES;
				CLANG_WARN_UNGUARDED_AVAILABILITY = YES_AGGRESSIVE;
				CLANG_WARN_UNREACHABLE_CODE = YES;
				CLANG_WARN__DUPLICATE_METHOD_MATCH = YES;
				COPY_PHASE_STRIP = NO;
				DEBUG_INFORMATION_FORMAT = dwarf;
				ENABLE_STRICT_OBJC_MSGSEND = YES;
				ENABLE_TESTABILITY = YES;
				GCC_C_LANGUAGE_STANDARD = gnu11;
				GCC_DYNAMIC_NO_PIC = NO;
				GCC_NO_COMMON_BLOCKS = YES;
				GCC_OPTIMIZATION_LEVEL = 0;
				GCC_PREPROCESSOR_DEFINITIONS = (
					"DEBUG=1",
					"$(inherited)",
				);
				GCC_WARN_64_TO_32_BIT_CONVERSION = YES;
				GCC_WARN_ABOUT_RETURN_TYPE = YES_ERROR;
				GCC_WARN_UNDECLARED_SELECTOR = YES;
				GCC_WARN_UNINITIALIZED_AUTOS = YES_AGGRESSIVE;
				GCC_WARN_UNUSED_FUNCTION = YES;
				GCC_WARN_UNUSED_VARIABLE = YES;
				MACOSX_DEPLOYMENT_TARGET = 11.1;
				MTL_ENABLE_DEBUG_INFO = INCLUDE_SOURCE;
				MTL_FAST_MATH = YES;
				ONLY_ACTIVE_ARCH = YES;
				SDKROOT = macosx;
			};
			name = Debug;
		};
		73A3E56E263585B800633B34 /* Release */ = {
			isa = XCBuildConfiguration;
			buildSettings = {
				ALWAYS_SEARCH_USER_PATHS = NO;
				CLANG_ANALYZER_NONNULL = YES;
				CLANG_ANALYZER_NUMBER_OBJECT_CONVERSION = YES_AGGRESSIVE;
				CLANG_CXX_LANGUAGE_STANDARD = "gnu++14";
				CLANG_CXX_LIBRARY = "libc++";
				CLANG_ENABLE_MODULES = YES;
				CLANG_ENABLE_OBJC_ARC = YES;
				CLANG_ENABLE_OBJC_WEAK = YES;
				CLANG_WARN_BLOCK_CAPTURE_AUTORELEASING = YES;
				CLANG_WARN_BOOL_CONVERSION = YES;
				CLANG_WARN_COMMA = YES;
				CLANG_WARN_CONSTANT_CONVERSION = YES;
				CLANG_WARN_DEPRECATED_OBJC_IMPLEMENTATIONS = YES;
				CLANG_WARN_DIRECT_OBJC_ISA_USAGE = YES_ERROR;
				CLANG_WARN_DOCUMENTATION_COMMENTS = YES;
				CLANG_WARN_EMPTY_BODY = YES;
				CLANG_WARN_ENUM_CONVERSION = YES;
				CLANG_WARN_INFINITE_RECURSION = YES;
				CLANG_WARN_INT_CONVERSION = YES;
				CLANG_WARN_NON_LITERAL_NULL_CONVERSION = YES;
				CLANG_WARN_OBJC_IMPLICIT_RETAIN_SELF = YES;
				CLANG_WARN_OBJC_LITERAL_CONVERSION = YES;
				CLANG_WARN_OBJC_ROOT_CLASS = YES_ERROR;
				CLANG_WARN_QUOTED_INCLUDE_IN_FRAMEWORK_HEADER = YES;
				CLANG_WARN_RANGE_LOOP_ANALYSIS = YES;
				CLANG_WARN_STRICT_PROTOTYPES = YES;
				CLANG_WARN_SUSPICIOUS_MOVE = YES;
				CLANG_WARN_UNGUARDED_AVAILABILITY = YES_AGGRESSIVE;
				CLANG_WARN_UNREACHABLE_CODE = YES;
				CLANG_WARN__DUPLICATE_METHOD_MATCH = YES;
				COPY_PHASE_STRIP = NO;
				DEBUG_INFORMATION_FORMAT = "dwarf-with-dsym";
				ENABLE_NS_ASSERTIONS = NO;
				ENABLE_STRICT_OBJC_MSGSEND = YES;
				GCC_C_LANGUAGE_STANDARD = gnu11;
				GCC_NO_COMMON_BLOCKS = YES;
				GCC_WARN_64_TO_32_BIT_CONVERSION = YES;
				GCC_WARN_ABOUT_RETURN_TYPE = YES_ERROR;
				GCC_WARN_UNDECLARED_SELECTOR = YES;
				GCC_WARN_UNINITIALIZED_AUTOS = YES_AGGRESSIVE;
				GCC_WARN_UNUSED_FUNCTION = YES;
				GCC_WARN_UNUSED_VARIABLE = YES;
				MACOSX_DEPLOYMENT_TARGET = 11.1;
				MTL_ENABLE_DEBUG_INFO = NO;
				MTL_FAST_MATH = YES;
				SDKROOT = macosx;
			};
			name = Release;
		};
		73A3E570263585B800633B34 /* Debug */ = {
			isa = XCBuildConfiguration;
			buildSettings = {
				CODE_SIGN_STYLE = Automatic;
				PRODUCT_NAME = "$(TARGET_NAME)";
			};
			name = Debug;
		};
		73A3E571263585B800633B34 /* Release */ = {
			isa = XCBuildConfiguration;
			buildSettings = {
				CODE_SIGN_STYLE = Automatic;
				PRODUCT_NAME = "$(TARGET_NAME)";
			};
			name = Release;
		};
/* End XCBuildConfiguration section */

/* Begin XCConfigurationList section */
		73A3E563263585B800633B34 /* Build configuration list for PBXProject "Objective-C Fundamentals" */ = {
			isa = XCConfigurationList;
			buildConfigurations = (
				73A3E56D263585B800633B34 /* Debug */,
				73A3E56E263585B800633B34 /* Release */,
			);
			defaultConfigurationIsVisible = 0;
			defaultConfigurationName = Release;
		};
		73A3E56F263585B800633B34 /* Build configuration list for PBXNativeTarget "Objective-C Fundamentals" */ = {
			isa = XCConfigurationList;
			buildConfigurations = (
				73A3E570263585B800633B34 /* Debug */,
				73A3E571263585B800633B34 /* Release */,
			);
			defaultConfigurationIsVisible = 0;
			defaultConfigurationName = Release;
		};
/* End XCConfigurationList section */
	};
	rootObject = 73A3E560263585B800633B34 /* Project object */;
}
