// !$*UTF8*$!
{
	archiveVersion = 1;
	classes = {
	};
	objectVersion = 50;
	objects = {

/* Begin PBXBuildFile section */
		9041C8D52428B58800521B4F /* RSViewController.m in Sources */ = {isa = PBXBuildFile; fileRef = 9041C8D42428B58800521B4F /* RSViewController.m */; };
		9041C8D82428BBF100521B4F /* RSViewControllerSecond.m in Sources */ = {isa = PBXBuildFile; fileRef = 9041C8D72428BBF100521B4F /* RSViewControllerSecond.m */; };
		90ECF9612428B53900D33CED /* AppDelegate.m in Sources */ = {isa = PBXBuildFile; fileRef = 90ECF9602428B53900D33CED /* AppDelegate.m */; };
		90ECF9692428B53900D33CED /* Assets.xcassets in Resources */ = {isa = PBXBuildFile; fileRef = 90ECF9682428B53900D33CED /* Assets.xcassets */; };
		90ECF96C2428B53900D33CED /* LaunchScreen.storyboard in Resources */ = {isa = PBXBuildFile; fileRef = 90ECF96A2428B53900D33CED /* LaunchScreen.storyboard */; };
		90ECF96F2428B53900D33CED /* main.m in Sources */ = {isa = PBXBuildFile; fileRef = 90ECF96E2428B53900D33CED /* main.m */; };
/* End PBXBuildFile section */

/* Begin PBXFileReference section */
		9041C8D32428B58800521B4F /* RSViewController.h */ = {isa = PBXFileReference; lastKnownFileType = sourcecode.c.h; path = RSViewController.h; sourceTree = "<group>"; };
		9041C8D42428B58800521B4F /* RSViewController.m */ = {isa = PBXFileReference; lastKnownFileType = sourcecode.c.objc; path = RSViewController.m; sourceTree = "<group>"; };
		9041C8D62428BBF100521B4F /* RSViewControllerSecond.h */ = {isa = PBXFileReference; lastKnownFileType = sourcecode.c.h; path = RSViewControllerSecond.h; sourceTree = "<group>"; };
		9041C8D72428BBF100521B4F /* RSViewControllerSecond.m */ = {isa = PBXFileReference; lastKnownFileType = sourcecode.c.objc; path = RSViewControllerSecond.m; sourceTree = "<group>"; };
		90ECF95C2428B53900D33CED /* Demo2.app */ = {isa = PBXFileReference; explicitFileType = wrapper.application; includeInIndex = 0; path = Demo2.app; sourceTree = BUILT_PRODUCTS_DIR; };
		90ECF95F2428B53900D33CED /* AppDelegate.h */ = {isa = PBXFileReference; lastKnownFileType = sourcecode.c.h; path = AppDelegate.h; sourceTree = "<group>"; };
		90ECF9602428B53900D33CED /* AppDelegate.m */ = {isa = PBXFileReference; lastKnownFileType = sourcecode.c.objc; path = AppDelegate.m; sourceTree = "<group>"; };
		90ECF9682428B53900D33CED /* Assets.xcassets */ = {isa = PBXFileReference; lastKnownFileType = folder.assetcatalog; path = Assets.xcassets; sourceTree = "<group>"; };
		90ECF96B2428B53900D33CED /* Base */ = {isa = PBXFileReference; lastKnownFileType = file.storyboard; name = Base; path = Base.lproj/LaunchScreen.storyboard; sourceTree = "<group>"; };
		90ECF96D2428B53900D33CED /* Info.plist */ = {isa = PBXFileReference; lastKnownFileType = text.plist.xml; path = Info.plist; sourceTree = "<group>"; };
		90ECF96E2428B53900D33CED /* main.m */ = {isa = PBXFileReference; lastKnownFileType = sourcecode.c.objc; path = main.m; sourceTree = "<group>"; };
/* End PBXFileReference section */

/* Begin PBXFrameworksBuildPhase section */
		90ECF9592428B53900D33CED /* Frameworks */ = {
			isa = PBXFrameworksBuildPhase;
			buildActionMask = 2147483647;
			files = (
			);
			runOnlyForDeploymentPostprocessing = 0;
		};
/* End PBXFrameworksBuildPhase section */

/* Begin PBXGroup section */
		90ECF9532428B53900D33CED = {
			isa = PBXGroup;
			children = (
				90ECF95E2428B53900D33CED /* Demo2 */,
				90ECF95D2428B53900D33CED /* Products */,
			);
			sourceTree = "<group>";
		};
		90ECF95D2428B53900D33CED /* Products */ = {
			isa = PBXGroup;
			children = (
				90ECF95C2428B53900D33CED /* Demo2.app */,
			);
			name = Products;
			sourceTree = "<group>";
		};
		90ECF95E2428B53900D33CED /* Demo2 */ = {
			isa = PBXGroup;
			children = (
				90ECF95F2428B53900D33CED /* AppDelegate.h */,
				90ECF9602428B53900D33CED /* AppDelegate.m */,
				9041C8D32428B58800521B4F /* RSViewController.h */,
				9041C8D42428B58800521B4F /* RSViewController.m */,
				9041C8D62428BBF100521B4F /* RSViewControllerSecond.h */,
				9041C8D72428BBF100521B4F /* RSViewControllerSecond.m */,
				90ECF9682428B53900D33CED /* Assets.xcassets */,
				90ECF96A2428B53900D33CED /* LaunchScreen.storyboard */,
				90ECF96D2428B53900D33CED /* Info.plist */,
				90ECF96E2428B53900D33CED /* main.m */,
			);
			path = Demo2;
			sourceTree = "<group>";
		};
/* End PBXGroup section */

/* Begin PBXNativeTarget section */
		90ECF95B2428B53900D33CED /* Demo2 */ = {
			isa = PBXNativeTarget;
			buildConfigurationList = 90ECF9722428B53900D33CED /* Build configuration list for PBXNativeTarget "Demo2" */;
			buildPhases = (
				90ECF9582428B53900D33CED /* Sources */,
				90ECF9592428B53900D33CED /* Frameworks */,
				90ECF95A2428B53900D33CED /* Resources */,
			);
			buildRules = (
			);
			dependencies = (
			);
			name = Demo2;
			productName = Demo2;
			productReference = 90ECF95C2428B53900D33CED /* Demo2.app */;
			productType = "com.apple.product-type.application";
		};
/* End PBXNativeTarget section */

/* Begin PBXProject section */
		90ECF9542428B53900D33CED /* Project object */ = {
			isa = PBXProject;
			attributes = {
				LastUpgradeCheck = 1030;
				ORGANIZATIONNAME = "Victor Semenchuk";
				TargetAttributes = {
					90ECF95B2428B53900D33CED = {
						CreatedOnToolsVersion = 10.3;
					};
				};
			};
			buildConfigurationList = 90ECF9572428B53900D33CED /* Build configuration list for PBXProject "Demo2" */;
			compatibilityVersion = "Xcode 9.3";
			developmentRegion = en;
			hasScannedForEncodings = 0;
			knownRegions = (
				en,
				Base,
			);
			mainGroup = 90ECF9532428B53900D33CED;
			productRefGroup = 90ECF95D2428B53900D33CED /* Products */;
			projectDirPath = "";
			projectRoot = "";
			targets = (
				90ECF95B2428B53900D33CED /* Demo2 */,
			);
		};
/* End PBXProject section */

/* Begin PBXResourcesBuildPhase section */
		90ECF95A2428B53900D33CED /* Resources */ = {
			isa = PBXResourcesBuildPhase;
			buildActionMask = 2147483647;
			files = (
				90ECF96C2428B53900D33CED /* LaunchScreen.storyboard in Resources */,
				90ECF9692428B53900D33CED /* Assets.xcassets in Resources */,
			);
			runOnlyForDeploymentPostprocessing = 0;
		};
/* End PBXResourcesBuildPhase section */

/* Begin PBXSourcesBuildPhase section */
		90ECF9582428B53900D33CED /* Sources */ = {
			isa = PBXSourcesBuildPhase;
			buildActionMask = 2147483647;
			files = (
				90ECF96F2428B53900D33CED /* main.m in Sources */,
				90ECF9612428B53900D33CED /* AppDelegate.m in Sources */,
				9041C8D52428B58800521B4F /* RSViewController.m in Sources */,
				9041C8D82428BBF100521B4F /* RSViewControllerSecond.m in Sources */,
			);
			runOnlyForDeploymentPostprocessing = 0;
		};
/* End PBXSourcesBuildPhase section */

/* Begin PBXVariantGroup section */
		90ECF96A2428B53900D33CED /* LaunchScreen.storyboard */ = {
			isa = PBXVariantGroup;
			children = (
				90ECF96B2428B53900D33CED /* Base */,
			);
			name = LaunchScreen.storyboard;
			sourceTree = "<group>";
		};
/* End PBXVariantGroup section */

/* Begin XCBuildConfiguration section */
		90ECF9702428B53900D33CED /* Debug */ = {
			isa = XCBuildConfiguration;
			buildSettings = {
				ALWAYS_SEARCH_USER_PATHS = NO;
				CLANG_ANALYZER_NONNULL = YES;
				CLANG_ANALYZER_NUMBER_OBJECT_CONVERSION = YES_AGGRESSIVE;
				CLANG_CXX_LANGUAGE_STANDARD = "gnu++14";
				CLANG_CXX_LIBRARY = "libc++";
				CLANG_ENABLE_MODULES = YES;
				CLANG_ENABLE_OBJC_ARC = YES;
				CLANG_ENABLE_OBJC_WEAK = YES;
				CLANG_WARN_BLOCK_CAPTURE_AUTORELEASING = YES;
				CLANG_WARN_BOOL_CONVERSION = YES;
				CLANG_WARN_COMMA = YES;
				CLANG_WARN_CONSTANT_CONVERSION = YES;
				CLANG_WARN_DEPRECATED_OBJC_IMPLEMENTATIONS = YES;
				CLANG_WARN_DIRECT_OBJC_ISA_USAGE = YES_ERROR;
				CLANG_WARN_DOCUMENTATION_COMMENTS = YES;
				CLANG_WARN_EMPTY_BODY = YES;
				CLANG_WARN_ENUM_CONVERSION = YES;
				CLANG_WARN_INFINITE_RECURSION = YES;
				CLANG_WARN_INT_CONVERSION = YES;
				CLANG_WARN_NON_LITERAL_NULL_CONVERSION = YES;
				CLANG_WARN_OBJC_IMPLICIT_RETAIN_SELF = YES;
				CLANG_WARN_OBJC_LITERAL_CONVERSION = YES;
				CLANG_WARN_OBJC_ROOT_CLASS = YES_ERROR;
				CLANG_WARN_RANGE_LOOP_ANALYSIS = YES;
				CLANG_WARN_STRICT_PROTOTYPES = YES;
				CLANG_WARN_SUSPICIOUS_MOVE = YES;
				CLANG_WARN_UNGUARDED_AVAILABILITY = YES_AGGRESSIVE;
				CLANG_WARN_UNREACHABLE_CODE = YES;
				CLANG_WARN__DUPLICATE_METHOD_MATCH = YES;
				CODE_SIGN_IDENTITY = "iPhone Developer";
				COPY_PHASE_STRIP = NO;
				DEBUG_INFORMATION_FORMAT = dwarf;
				ENABLE_STRICT_OBJC_MSGSEND = YES;
				ENABLE_TESTABILITY = YES;
				GCC_C_LANGUAGE_STANDARD = gnu11;
				GCC_DYNAMIC_NO_PIC = NO;
				GCC_NO_COMMON_BLOCKS = YES;
				GCC_OPTIMIZATION_LEVEL = 0;
				GCC_PREPROCESSOR_DEFINITIONS = (
					"DEBUG=1",
					"$(inherited)",
				);
				GCC_WARN_64_TO_32_BIT_CONVERSION = YES;
				GCC_WARN_ABOUT_RETURN_TYPE = YES_ERROR;
				GCC_WARN_UNDECLARED_SELECTOR = YES;
				GCC_WARN_UNINITIALIZED_AUTOS = YES_AGGRESSIVE;
				GCC_WARN_UNUSED_FUNCTION = YES;
				GCC_WARN_UNUSED_VARIABLE = YES;
				IPHONEOS_DEPLOYMENT_TARGET = 12.4;
				MTL_ENABLE_DEBUG_INFO = INCLUDE_SOURCE;
				MTL_FAST_MATH = YES;
				ONLY_ACTIVE_ARCH = YES;
				SDKROOT = iphoneos;
			};
			name = Debug;
		};
		90ECF9712428B53900D33CED /* Release */ = {
			isa = XCBuildConfiguration;
			buildSettings = {
				ALWAYS_SEARCH_USER_PATHS = NO;
				CLANG_ANALYZER_NONNULL = YES;
				CLANG_ANALYZER_NUMBER_OBJECT_CONVERSION = YES_AGGRESSIVE;
				CLANG_CXX_LANGUAGE_STANDARD = "gnu++14";
				CLANG_CXX_LIBRARY = "libc++";
				CLANG_ENABLE_MODULES = YES;
				CLANG_ENABLE_OBJC_ARC = YES;
				CLANG_ENABLE_OBJC_WEAK = YES;
				CLANG_WARN_BLOCK_CAPTURE_AUTORELEASING = YES;
				CLANG_WARN_BOOL_CONVERSION = YES;
				CLANG_WARN_COMMA = YES;
				CLANG_WARN_CONSTANT_CONVERSION = YES;
				CLANG_WARN_DEPRECATED_OBJC_IMPLEMENTATIONS = YES;
				CLANG_WARN_DIRECT_OBJC_ISA_USAGE = YES_ERROR;
				CLANG_WARN_DOCUMENTATION_COMMENTS = YES;
				CLANG_WARN_EMPTY_BODY = YES;
				CLANG_WARN_ENUM_CONVERSION = YES;
				CLANG_WARN_INFINITE_RECURSION = YES;
				CLANG_WARN_INT_CONVERSION = YES;
				CLANG_WARN_NON_LITERAL_NULL_CONVERSION = YES;
				CLANG_WARN_OBJC_IMPLICIT_RETAIN_SELF = YES;
				CLANG_WARN_OBJC_LITERAL_CONVERSION = YES;
				CLANG_WARN_OBJC_ROOT_CLASS = YES_ERROR;
				CLANG_WARN_RANGE_LOOP_ANALYSIS = YES;
				CLANG_WARN_STRICT_PROTOTYPES = YES;
				CLANG_WARN_SUSPICIOUS_MOVE = YES;
				CLANG_WARN_UNGUARDED_AVAILABILITY = YES_AGGRESSIVE;
				CLANG_WARN_UNREACHABLE_CODE = YES;
				CLANG_WARN__DUPLICATE_METHOD_MATCH = YES;
				CODE_SIGN_IDENTITY = "iPhone Developer";
				COPY_PHASE_STRIP = NO;
				DEBUG_INFORMATION_FORMAT = "dwarf-with-dsym";
				ENABLE_NS_ASSERTIONS = NO;
				ENABLE_STRICT_OBJC_MSGSEND = YES;
				GCC_C_LANGUAGE_STANDARD = gnu11;
				GCC_NO_COMMON_BLOCKS = YES;
				GCC_WARN_64_TO_32_BIT_CONVERSION = YES;
				GCC_WARN_ABOUT_RETURN_TYPE = YES_ERROR;
				GCC_WARN_UNDECLARED_SELECTOR = YES;
				GCC_WARN_UNINITIALIZED_AUTOS = YES_AGGRESSIVE;
				GCC_WARN_UNUSED_FUNCTION = YES;
				GCC_WARN_UNUSED_VARIABLE = YES;
				IPHONEOS_DEPLOYMENT_TARGET = 12.4;
				MTL_ENABLE_DEBUG_INFO = NO;
				MTL_FAST_MATH = YES;
				SDKROOT = iphoneos;
				VALIDATE_PRODUCT = YES;
			};
			name = Release;
		};
		90ECF9732428B53900D33CED /* Debug */ = {
			isa = XCBuildConfiguration;
			buildSettings = {
				ASSETCATALOG_COMPILER_APPICON_NAME = AppIcon;
				CODE_SIGN_STYLE = Automatic;
				DEVELOPMENT_TEAM = 5M3HNT6J9D;
				INFOPLIST_FILE = Demo2/Info.plist;
				LD_RUNPATH_SEARCH_PATHS = (
					"$(inherited)",
					"@executable_path/Frameworks",
				);
				PRODUCT_BUNDLE_IDENTIFIER = com.victorsemenchuk.Demo2;
				PRODUCT_NAME = "$(TARGET_NAME)";
				TARGETED_DEVICE_FAMILY = "1,2";
			};
			name = Debug;
		};
		90ECF9742428B53900D33CED /* Release */ = {
			isa = XCBuildConfiguration;
			buildSettings = {
				ASSETCATALOG_COMPILER_APPICON_NAME = AppIcon;
				CODE_SIGN_STYLE = Automatic;
				DEVELOPMENT_TEAM = 5M3HNT6J9D;
				INFOPLIST_FILE = Demo2/Info.plist;
				LD_RUNPATH_SEARCH_PATHS = (
					"$(inherited)",
					"@executable_path/Frameworks",
				);
				PRODUCT_BUNDLE_IDENTIFIER = com.victorsemenchuk.Demo2;
				PRODUCT_NAME = "$(TARGET_NAME)";
				TARGETED_DEVICE_FAMILY = "1,2";
			};
			name = Release;
		};
/* End XCBuildConfiguration section */

/* Begin XCConfigurationList section */
		90ECF9572428B53900D33CED /* Build configuration list for PBXProject "Demo2" */ = {
			isa = XCConfigurationList;
			buildConfigurations = (
				90ECF9702428B53900D33CED /* Debug */,
				90ECF9712428B53900D33CED /* Release */,
			);
			defaultConfigurationIsVisible = 0;
			defaultConfigurationName = Release;
		};
		90ECF9722428B53900D33CED /* Build configuration list for PBXNativeTarget "Demo2" */ = {
			isa = XCConfigurationList;
			buildConfigurations = (
				90ECF9732428B53900D33CED /* Debug */,
				90ECF9742428B53900D33CED /* Release */,
			);
			defaultConfigurationIsVisible = 0;
			defaultConfigurationName = Release;
		};
/* End XCConfigurationList section */
	};
	rootObject = 90ECF9542428B53900D33CED /* Project object */;
}
