// !$*UTF8*$!
{
	archiveVersion = 1;
	classes = {
	};
	objectVersion = 50;
	objects = {

/* Begin PBXBuildFile section */
		32006D7F2415415A0021EDC3 /* Person.m in Sources */ = {isa = PBXBuildFile; fileRef = 32006D7E2415415A0021EDC3 /* Person.m */; };
		3250B64720D006DB0075CB4D /* AppDelegate.m in Sources */ = {isa = PBXBuildFile; fileRef = 3250B64620D006DB0075CB4D /* AppDelegate.m */; };
		3250B64A20D006DB0075CB4D /* ViewController.m in Sources */ = {isa = PBXBuildFile; fileRef = 3250B64920D006DB0075CB4D /* ViewController.m */; };
		3250B64D20D006DB0075CB4D /* Main.storyboard in Resources */ = {isa = PBXBuildFile; fileRef = 3250B64B20D006DB0075CB4D /* Main.storyboard */; };
		3250B64F20D006DD0075CB4D /* Assets.xcassets in Resources */ = {isa = PBXBuildFile; fileRef = 3250B64E20D006DD0075CB4D /* Assets.xcassets */; };
		3250B65220D006DD0075CB4D /* LaunchScreen.storyboard in Resources */ = {isa = PBXBuildFile; fileRef = 3250B65020D006DD0075CB4D /* LaunchScreen.storyboard */; };
		3250B65520D006DD0075CB4D /* main.m in Sources */ = {isa = PBXBuildFile; fileRef = 3250B65420D006DD0075CB4D /* main.m */; };
		3250B65D20D006ED0075CB4D /* Account.m in Sources */ = {isa = PBXBuildFile; fileRef = 3250B65C20D006ED0075CB4D /* Account.m */; };
/* End PBXBuildFile section */

/* Begin PBXFileReference section */
		32006D7D2415415A0021EDC3 /* Person.h */ = {isa = PBXFileReference; lastKnownFileType = sourcecode.c.h; path = Person.h; sourceTree = "<group>"; };
		32006D7E2415415A0021EDC3 /* Person.m */ = {isa = PBXFileReference; lastKnownFileType = sourcecode.c.objc; path = Person.m; sourceTree = "<group>"; };
		3250B64220D006DB0075CB4D /* KVO.app */ = {isa = PBXFileReference; explicitFileType = wrapper.application; includeInIndex = 0; path = KVO.app; sourceTree = BUILT_PRODUCTS_DIR; };
		3250B64520D006DB0075CB4D /* AppDelegate.h */ = {isa = PBXFileReference; lastKnownFileType = sourcecode.c.h; path = AppDelegate.h; sourceTree = "<group>"; };
		3250B64620D006DB0075CB4D /* AppDelegate.m */ = {isa = PBXFileReference; lastKnownFileType = sourcecode.c.objc; path = AppDelegate.m; sourceTree = "<group>"; };
		3250B64820D006DB0075CB4D /* ViewController.h */ = {isa = PBXFileReference; lastKnownFileType = sourcecode.c.h; path = ViewController.h; sourceTree = "<group>"; };
		3250B64920D006DB0075CB4D /* ViewController.m */ = {isa = PBXFileReference; lastKnownFileType = sourcecode.c.objc; path = ViewController.m; sourceTree = "<group>"; };
		3250B64C20D006DB0075CB4D /* Base */ = {isa = PBXFileReference; lastKnownFileType = file.storyboard; name = Base; path = Base.lproj/Main.storyboard; sourceTree = "<group>"; };
		3250B64E20D006DD0075CB4D /* Assets.xcassets */ = {isa = PBXFileReference; lastKnownFileType = folder.assetcatalog; path = Assets.xcassets; sourceTree = "<group>"; };
		3250B65120D006DD0075CB4D /* Base */ = {isa = PBXFileReference; lastKnownFileType = file.storyboard; name = Base; path = Base.lproj/LaunchScreen.storyboard; sourceTree = "<group>"; };
		3250B65320D006DD0075CB4D /* Info.plist */ = {isa = PBXFileReference; lastKnownFileType = text.plist.xml; path = Info.plist; sourceTree = "<group>"; };
		3250B65420D006DD0075CB4D /* main.m */ = {isa = PBXFileReference; lastKnownFileType = sourcecode.c.objc; path = main.m; sourceTree = "<group>"; };
		3250B65B20D006ED0075CB4D /* Account.h */ = {isa = PBXFileReference; lastKnownFileType = sourcecode.c.h; path = Account.h; sourceTree = "<group>"; };
		3250B65C20D006ED0075CB4D /* Account.m */ = {isa = PBXFileReference; lastKnownFileType = sourcecode.c.objc; path = Account.m; sourceTree = "<group>"; };
/* End PBXFileReference section */

/* Begin PBXFrameworksBuildPhase section */
		3250B63F20D006DB0075CB4D /* Frameworks */ = {
			isa = PBXFrameworksBuildPhase;
			buildActionMask = 2147483647;
			files = (
			);
			runOnlyForDeploymentPostprocessing = 0;
		};
/* End PBXFrameworksBuildPhase section */

/* Begin PBXGroup section */
		3250B63920D006DB0075CB4D = {
			isa = PBXGroup;
			children = (
				3250B64420D006DB0075CB4D /* KVO */,
				3250B64320D006DB0075CB4D /* Products */,
			);
			sourceTree = "<group>";
		};
		3250B64320D006DB0075CB4D /* Products */ = {
			isa = PBXGroup;
			children = (
				3250B64220D006DB0075CB4D /* KVO.app */,
			);
			name = Products;
			sourceTree = "<group>";
		};
		3250B64420D006DB0075CB4D /* KVO */ = {
			isa = PBXGroup;
			children = (
				3250B65B20D006ED0075CB4D /* Account.h */,
				3250B65C20D006ED0075CB4D /* Account.m */,
				32006D7D2415415A0021EDC3 /* Person.h */,
				32006D7E2415415A0021EDC3 /* Person.m */,
				3250B64820D006DB0075CB4D /* ViewController.h */,
				3250B64920D006DB0075CB4D /* ViewController.m */,
				3250B64520D006DB0075CB4D /* AppDelegate.h */,
				3250B64620D006DB0075CB4D /* AppDelegate.m */,
				3250B64B20D006DB0075CB4D /* Main.storyboard */,
				3250B64E20D006DD0075CB4D /* Assets.xcassets */,
				3250B65020D006DD0075CB4D /* LaunchScreen.storyboard */,
				3250B65320D006DD0075CB4D /* Info.plist */,
				3250B65420D006DD0075CB4D /* main.m */,
			);
			path = KVO;
			sourceTree = "<group>";
		};
/* End PBXGroup section */

/* Begin PBXNativeTarget section */
		3250B64120D006DB0075CB4D /* KVO */ = {
			isa = PBXNativeTarget;
			buildConfigurationList = 3250B65820D006DD0075CB4D /* Build configuration list for PBXNativeTarget "KVO" */;
			buildPhases = (
				3250B63E20D006DB0075CB4D /* Sources */,
				3250B63F20D006DB0075CB4D /* Frameworks */,
				3250B64020D006DB0075CB4D /* Resources */,
			);
			buildRules = (
			);
			dependencies = (
			);
			name = KVO;
			productName = KVO;
			productReference = 3250B64220D006DB0075CB4D /* KVO.app */;
			productType = "com.apple.product-type.application";
		};
/* End PBXNativeTarget section */

/* Begin PBXProject section */
		3250B63A20D006DB0075CB4D /* Project object */ = {
			isa = PBXProject;
			attributes = {
				LastUpgradeCheck = 0940;
				ORGANIZATIONNAME = "Dmitriy Tarelkin";
				TargetAttributes = {
					3250B64120D006DB0075CB4D = {
						CreatedOnToolsVersion = 9.4;
					};
				};
			};
			buildConfigurationList = 3250B63D20D006DB0075CB4D /* Build configuration list for PBXProject "KVO" */;
			compatibilityVersion = "Xcode 9.3";
			developmentRegion = en;
			hasScannedForEncodings = 0;
			knownRegions = (
				en,
				Base,
			);
			mainGroup = 3250B63920D006DB0075CB4D;
			productRefGroup = 3250B64320D006DB0075CB4D /* Products */;
			projectDirPath = "";
			projectRoot = "";
			targets = (
				3250B64120D006DB0075CB4D /* KVO */,
			);
		};
/* End PBXProject section */

/* Begin PBXResourcesBuildPhase section */
		3250B64020D006DB0075CB4D /* Resources */ = {
			isa = PBXResourcesBuildPhase;
			buildActionMask = 2147483647;
			files = (
				3250B65220D006DD0075CB4D /* LaunchScreen.storyboard in Resources */,
				3250B64F20D006DD0075CB4D /* Assets.xcassets in Resources */,
				3250B64D20D006DB0075CB4D /* Main.storyboard in Resources */,
			);
			runOnlyForDeploymentPostprocessing = 0;
		};
/* End PBXResourcesBuildPhase section */

/* Begin PBXSourcesBuildPhase section */
		3250B63E20D006DB0075CB4D /* Sources */ = {
			isa = PBXSourcesBuildPhase;
			buildActionMask = 2147483647;
			files = (
				3250B64A20D006DB0075CB4D /* ViewController.m in Sources */,
				3250B65520D006DD0075CB4D /* main.m in Sources */,
				32006D7F2415415A0021EDC3 /* Person.m in Sources */,
				3250B65D20D006ED0075CB4D /* Account.m in Sources */,
				3250B64720D006DB0075CB4D /* AppDelegate.m in Sources */,
			);
			runOnlyForDeploymentPostprocessing = 0;
		};
/* End PBXSourcesBuildPhase section */

/* Begin PBXVariantGroup section */
		3250B64B20D006DB0075CB4D /* Main.storyboard */ = {
			isa = PBXVariantGroup;
			children = (
				3250B64C20D006DB0075CB4D /* Base */,
			);
			name = Main.storyboard;
			sourceTree = "<group>";
		};
		3250B65020D006DD0075CB4D /* LaunchScreen.storyboard */ = {
			isa = PBXVariantGroup;
			children = (
				3250B65120D006DD0075CB4D /* Base */,
			);
			name = LaunchScreen.storyboard;
			sourceTree = "<group>";
		};
/* End PBXVariantGroup section */

/* Begin XCBuildConfiguration section */
		3250B65620D006DD0075CB4D /* Debug */ = {
			isa = XCBuildConfiguration;
			buildSettings = {
				ALWAYS_SEARCH_USER_PATHS = NO;
				CLANG_ANALYZER_NONNULL = YES;
				CLANG_ANALYZER_NUMBER_OBJECT_CONVERSION = YES_AGGRESSIVE;
				CLANG_CXX_LANGUAGE_STANDARD = "gnu++14";
				CLANG_CXX_LIBRARY = "libc++";
				CLANG_ENABLE_MODULES = YES;
				CLANG_ENABLE_OBJC_ARC = YES;
				CLANG_ENABLE_OBJC_WEAK = YES;
				CLANG_WARN_BLOCK_CAPTURE_AUTORELEASING = YES;
				CLANG_WARN_BOOL_CONVERSION = YES;
				CLANG_WARN_COMMA = YES;
				CLANG_WARN_CONSTANT_CONVERSION = YES;
				CLANG_WARN_DEPRECATED_OBJC_IMPLEMENTATIONS = YES;
				CLANG_WARN_DIRECT_OBJC_ISA_USAGE = YES_ERROR;
				CLANG_WARN_DOCUMENTATION_COMMENTS = YES;
				CLANG_WARN_EMPTY_BODY = YES;
				CLANG_WARN_ENUM_CONVERSION = YES;
				CLANG_WARN_INFINITE_RECURSION = YES;
				CLANG_WARN_INT_CONVERSION = YES;
				CLANG_WARN_NON_LITERAL_NULL_CONVERSION = YES;
				CLANG_WARN_OBJC_IMPLICIT_RETAIN_SELF = YES;
				CLANG_WARN_OBJC_LITERAL_CONVERSION = YES;
				CLANG_WARN_OBJC_ROOT_CLASS = YES_ERROR;
				CLANG_WARN_RANGE_LOOP_ANALYSIS = YES;
				CLANG_WARN_STRICT_PROTOTYPES = YES;
				CLANG_WARN_SUSPICIOUS_MOVE = YES;
				CLANG_WARN_UNGUARDED_AVAILABILITY = YES_AGGRESSIVE;
				CLANG_WARN_UNREACHABLE_CODE = YES;
				CLANG_WARN__DUPLICATE_METHOD_MATCH = YES;
				CODE_SIGN_IDENTITY = "iPhone Developer";
				COPY_PHASE_STRIP = NO;
				DEBUG_INFORMATION_FORMAT = dwarf;
				ENABLE_STRICT_OBJC_MSGSEND = YES;
				ENABLE_TESTABILITY = YES;
				GCC_C_LANGUAGE_STANDARD = gnu11;
				GCC_DYNAMIC_NO_PIC = NO;
				GCC_NO_COMMON_BLOCKS = YES;
				GCC_OPTIMIZATION_LEVEL = 0;
				GCC_PREPROCESSOR_DEFINITIONS = (
					"DEBUG=1",
					"$(inherited)",
				);
				GCC_WARN_64_TO_32_BIT_CONVERSION = YES;
				GCC_WARN_ABOUT_RETURN_TYPE = YES_ERROR;
				GCC_WARN_UNDECLARED_SELECTOR = YES;
				GCC_WARN_UNINITIALIZED_AUTOS = YES_AGGRESSIVE;
				GCC_WARN_UNUSED_FUNCTION = YES;
				GCC_WARN_UNUSED_VARIABLE = YES;
				IPHONEOS_DEPLOYMENT_TARGET = 13.2;
				MTL_ENABLE_DEBUG_INFO = YES;
				ONLY_ACTIVE_ARCH = YES;
				SDKROOT = iphoneos;
			};
			name = Debug;
		};
		3250B65720D006DD0075CB4D /* Release */ = {
			isa = XCBuildConfiguration;
			buildSettings = {
				ALWAYS_SEARCH_USER_PATHS = NO;
				CLANG_ANALYZER_NONNULL = YES;
				CLANG_ANALYZER_NUMBER_OBJECT_CONVERSION = YES_AGGRESSIVE;
				CLANG_CXX_LANGUAGE_STANDARD = "gnu++14";
				CLANG_CXX_LIBRARY = "libc++";
				CLANG_ENABLE_MODULES = YES;
				CLANG_ENABLE_OBJC_ARC = YES;
				CLANG_ENABLE_OBJC_WEAK = YES;
				CLANG_WARN_BLOCK_CAPTURE_AUTORELEASING = YES;
				CLANG_WARN_BOOL_CONVERSION = YES;
				CLANG_WARN_COMMA = YES;
				CLANG_WARN_CONSTANT_CONVERSION = YES;
				CLANG_WARN_DEPRECATED_OBJC_IMPLEMENTATIONS = YES;
				CLANG_WARN_DIRECT_OBJC_ISA_USAGE = YES_ERROR;
				CLANG_WARN_DOCUMENTATION_COMMENTS = YES;
				CLANG_WARN_EMPTY_BODY = YES;
				CLANG_WARN_ENUM_CONVERSION = YES;
				CLANG_WARN_INFINITE_RECURSION = YES;
				CLANG_WARN_INT_CONVERSION = YES;
				CLANG_WARN_NON_LITERAL_NULL_CONVERSION = YES;
				CLANG_WARN_OBJC_IMPLICIT_RETAIN_SELF = YES;
				CLANG_WARN_OBJC_LITERAL_CONVERSION = YES;
				CLANG_WARN_OBJC_ROOT_CLASS = YES_ERROR;
				CLANG_WARN_RANGE_LOOP_ANALYSIS = YES;
				CLANG_WARN_STRICT_PROTOTYPES = YES;
				CLANG_WARN_SUSPICIOUS_MOVE = YES;
				CLANG_WARN_UNGUARDED_AVAILABILITY = YES_AGGRESSIVE;
				CLANG_WARN_UNREACHABLE_CODE = YES;
				CLANG_WARN__DUPLICATE_METHOD_MATCH = YES;
				CODE_SIGN_IDENTITY = "iPhone Developer";
				COPY_PHASE_STRIP = NO;
				DEBUG_INFORMATION_FORMAT = "dwarf-with-dsym";
				ENABLE_NS_ASSERTIONS = NO;
				ENABLE_STRICT_OBJC_MSGSEND = YES;
				GCC_C_LANGUAGE_STANDARD = gnu11;
				GCC_NO_COMMON_BLOCKS = YES;
				GCC_WARN_64_TO_32_BIT_CONVERSION = YES;
				GCC_WARN_ABOUT_RETURN_TYPE = YES_ERROR;
				GCC_WARN_UNDECLARED_SELECTOR = YES;
				GCC_WARN_UNINITIALIZED_AUTOS = YES_AGGRESSIVE;
				GCC_WARN_UNUSED_FUNCTION = YES;
				GCC_WARN_UNUSED_VARIABLE = YES;
				IPHONEOS_DEPLOYMENT_TARGET = 13.2;
				MTL_ENABLE_DEBUG_INFO = NO;
				SDKROOT = iphoneos;
				VALIDATE_PRODUCT = YES;
			};
			name = Release;
		};
		3250B65920D006DD0075CB4D /* Debug */ = {
			isa = XCBuildConfiguration;
			buildSettings = {
				ASSETCATALOG_COMPILER_APPICON_NAME = AppIcon;
				CODE_SIGN_STYLE = Automatic;
				DEVELOPMENT_TEAM = "";
				INFOPLIST_FILE = KVO/Info.plist;
				LD_RUNPATH_SEARCH_PATHS = (
					"$(inherited)",
					"@executable_path/Frameworks",
				);
				PRODUCT_BUNDLE_IDENTIFIER = "KVO-NotificaitonCenter";
				PRODUCT_NAME = "$(TARGET_NAME)";
				TARGETED_DEVICE_FAMILY = "1,2";
			};
			name = Debug;
		};
		3250B65A20D006DD0075CB4D /* Release */ = {
			isa = XCBuildConfiguration;
			buildSettings = {
				ASSETCATALOG_COMPILER_APPICON_NAME = AppIcon;
				CODE_SIGN_STYLE = Automatic;
				DEVELOPMENT_TEAM = "";
				INFOPLIST_FILE = KVO/Info.plist;
				LD_RUNPATH_SEARCH_PATHS = (
					"$(inherited)",
					"@executable_path/Frameworks",
				);
				PRODUCT_BUNDLE_IDENTIFIER = "KVO-NotificaitonCenter";
				PRODUCT_NAME = "$(TARGET_NAME)";
				TARGETED_DEVICE_FAMILY = "1,2";
			};
			name = Release;
		};
/* End XCBuildConfiguration section */

/* Begin XCConfigurationList section */
		3250B63D20D006DB0075CB4D /* Build configuration list for PBXProject "KVO" */ = {
			isa = XCConfigurationList;
			buildConfigurations = (
				3250B65620D006DD0075CB4D /* Debug */,
				3250B65720D006DD0075CB4D /* Release */,
			);
			defaultConfigurationIsVisible = 0;
			defaultConfigurationName = Debug;
		};
		3250B65820D006DD0075CB4D /* Build configuration list for PBXNativeTarget "KVO" */ = {
			isa = XCConfigurationList;
			buildConfigurations = (
				3250B65920D006DD0075CB4D /* Debug */,
				3250B65A20D006DD0075CB4D /* Release */,
			);
			defaultConfigurationIsVisible = 0;
			defaultConfigurationName = Debug;
		};
/* End XCConfigurationList section */
	};
	rootObject = 3250B63A20D006DB0075CB4D /* Project object */;
}
